// !$*UTF8*$!
{
	archiveVersion = 1;
	classes = {
	};
	objectVersion = 46;
	objects = {

/* Begin PBXBuildFile section */
		E55914B81C0EC92E00CE9102 /* main.m in Sources */ = {isa = PBXBuildFile; fileRef = E55914B71C0EC92E00CE9102 /* main.m */; };
		E55914BB1C0EC92E00CE9102 /* AppDelegate.m in Sources */ = {isa = PBXBuildFile; fileRef = E55914BA1C0EC92E00CE9102 /* AppDelegate.m */; };
		E55914C11C0EC92E00CE9102 /* Main.storyboard in Resources */ = {isa = PBXBuildFile; fileRef = E55914BF1C0EC92E00CE9102 /* Main.storyboard */; };
		E55914C31C0EC92E00CE9102 /* Assets.xcassets in Resources */ = {isa = PBXBuildFile; fileRef = E55914C21C0EC92E00CE9102 /* Assets.xcassets */; };
		E55914C61C0EC92E00CE9102 /* LaunchScreen.storyboard in Resources */ = {isa = PBXBuildFile; fileRef = E55914C41C0EC92E00CE9102 /* LaunchScreen.storyboard */; };
		E55914D11C0EC92E00CE9102 /* MimamoroTests.m in Sources */ = {isa = PBXBuildFile; fileRef = E55914D01C0EC92E00CE9102 /* MimamoroTests.m */; };
		E55914DC1C0EC92E00CE9102 /* MimamoroUITests.m in Sources */ = {isa = PBXBuildFile; fileRef = E55914DB1C0EC92E00CE9102 /* MimamoroUITests.m */; };
		E55914F61C0ED0A300CE9102 /* EmergencyViewController.m in Sources */ = {isa = PBXBuildFile; fileRef = E55914F51C0ED0A300CE9102 /* EmergencyViewController.m */; };
		E55914F91C0ED0B000CE9102 /* WorryViewController.m in Sources */ = {isa = PBXBuildFile; fileRef = E55914F81C0ED0B000CE9102 /* WorryViewController.m */; };
		E55914FC1C0ED0BD00CE9102 /* OtherCollectionViewController.m in Sources */ = {isa = PBXBuildFile; fileRef = E55914FB1C0ED0BD00CE9102 /* OtherCollectionViewController.m */; };
		E55914FF1C0ED0DA00CE9102 /* ContactCollectionViewController.m in Sources */ = {isa = PBXBuildFile; fileRef = E55914FE1C0ED0DA00CE9102 /* ContactCollectionViewController.m */; };
		E55915021C0ED54C00CE9102 /* TabBarController.m in Sources */ = {isa = PBXBuildFile; fileRef = E55915011C0ED54C00CE9102 /* TabBarController.m */; };
		E55915041C0ED73A00CE9102 /* contactlist.png in Resources */ = {isa = PBXBuildFile; fileRef = E55915031C0ED73A00CE9102 /* contactlist.png */; };
		E55915061C0ED87F00CE9102 /* emergency.png in Resources */ = {isa = PBXBuildFile; fileRef = E55915051C0ED87F00CE9102 /* emergency.png */; };
		E55915081C0ED88300CE9102 /* worry.png in Resources */ = {isa = PBXBuildFile; fileRef = E55915071C0ED88300CE9102 /* worry.png */; };
		E559150A1C0ED88600CE9102 /* setting.png in Resources */ = {isa = PBXBuildFile; fileRef = E55915091C0ED88600CE9102 /* setting.png */; };
		E559150C1C0ED99000CE9102 /* contactlist-0.png in Resources */ = {isa = PBXBuildFile; fileRef = E559150B1C0ED99000CE9102 /* contactlist-0.png */; };
		E559150E1C0ED99400CE9102 /* emergency-0.png in Resources */ = {isa = PBXBuildFile; fileRef = E559150D1C0ED99400CE9102 /* emergency-0.png */; };
		E55915101C0ED99700CE9102 /* worry-0.png in Resources */ = {isa = PBXBuildFile; fileRef = E559150F1C0ED99700CE9102 /* worry-0.png */; };
		E55915121C0ED99B00CE9102 /* setting-0.png in Resources */ = {isa = PBXBuildFile; fileRef = E55915111C0ED99B00CE9102 /* setting-0.png */; };
		E55915151C0EDD5B00CE9102 /* emergencybtn.png in Resources */ = {isa = PBXBuildFile; fileRef = E55915141C0EDD5B00CE9102 /* emergencybtn.png */; };
		E55915171C0EDD5E00CE9102 /* worrybtn.png in Resources */ = {isa = PBXBuildFile; fileRef = E55915161C0EDD5E00CE9102 /* worrybtn.png */; };
		E559151B1C0EE45800CE9102 /* ContactCollectionViewCell.m in Sources */ = {isa = PBXBuildFile; fileRef = E559151A1C0EE45800CE9102 /* ContactCollectionViewCell.m */; };
		E559151E1C0EE47900CE9102 /* SettingCollectionViewCell.m in Sources */ = {isa = PBXBuildFile; fileRef = E559151D1C0EE47900CE9102 /* SettingCollectionViewCell.m */; };
		E55915201C0EE65000CE9102 /* settingimage.png in Resources */ = {isa = PBXBuildFile; fileRef = E559151F1C0EE65000CE9102 /* settingimage.png */; };
		E55915221C0EE6CA00CE9102 /* lightimage.png in Resources */ = {isa = PBXBuildFile; fileRef = E55915211C0EE6CA00CE9102 /* lightimage.png */; };
		E55915241C0EE6CE00CE9102 /* homeimage.png in Resources */ = {isa = PBXBuildFile; fileRef = E55915231C0EE6CE00CE9102 /* homeimage.png */; };
		E55915261C0EEB9200CE9102 /* plusimage.png in Resources */ = {isa = PBXBuildFile; fileRef = E55915251C0EEB9200CE9102 /* plusimage.png */; };
		E559152C1C0EECF700CE9102 /* userprofile.png in Resources */ = {isa = PBXBuildFile; fileRef = E559152B1C0EECF700CE9102 /* userprofile.png */; };
		E559152E1C0EED0200CE9102 /* takelist.png in Resources */ = {isa = PBXBuildFile; fileRef = E559152D1C0EED0200CE9102 /* takelist.png */; };
		E55915301C0EED3200CE9102 /* personaldata.png in Resources */ = {isa = PBXBuildFile; fileRef = E559152F1C0EED3200CE9102 /* personaldata.png */; };
		E55915331C0EEE6B00CE9102 /* EditProfileTableViewController.m in Sources */ = {isa = PBXBuildFile; fileRef = E55915321C0EEE6B00CE9102 /* EditProfileTableViewController.m */; };
		E55915361C0EEEA000CE9102 /* ProfileTableViewController.m in Sources */ = {isa = PBXBuildFile; fileRef = E55915351C0EEEA000CE9102 /* ProfileTableViewController.m */; };
		E55915391C0EF04900CE9102 /* SettingTableViewController.m in Sources */ = {isa = PBXBuildFile; fileRef = E55915381C0EF04900CE9102 /* SettingTableViewController.m */; };
		E559153D1C0EF07400CE9102 /* UserProfileModel.m in Sources */ = {isa = PBXBuildFile; fileRef = E559153C1C0EF07400CE9102 /* UserProfileModel.m */; };
		E55915401C0EF20B00CE9102 /* ListTableViewController.m in Sources */ = {isa = PBXBuildFile; fileRef = E559153F1C0EF20B00CE9102 /* ListTableViewController.m */; };
		E55915431C0EF21200CE9102 /* PersonalDataTableViewController.m in Sources */ = {isa = PBXBuildFile; fileRef = E55915421C0EF21200CE9102 /* PersonalDataTableViewController.m */; };
		E55915461C0EF22400CE9102 /* EditListViewController.m in Sources */ = {isa = PBXBuildFile; fileRef = E55915451C0EF22400CE9102 /* EditListViewController.m */; };
		E559154B1C0EF23700CE9102 /* EditKennkoTableViewController.m in Sources */ = {isa = PBXBuildFile; fileRef = E55915481C0EF23700CE9102 /* EditKennkoTableViewController.m */; };
		E559154C1C0EF23700CE9102 /* EditKusiriTableViewController.m in Sources */ = {isa = PBXBuildFile; fileRef = E559154A1C0EF23700CE9102 /* EditKusiriTableViewController.m */; };
		E55915511C0EF4AE00CE9102 /* KennkoModel.m in Sources */ = {isa = PBXBuildFile; fileRef = E559154E1C0EF4AE00CE9102 /* KennkoModel.m */; };
		E55915521C0EF4AE00CE9102 /* KusuriModel.m in Sources */ = {isa = PBXBuildFile; fileRef = E55915501C0EF4AE00CE9102 /* KusuriModel.m */; };
		E55915551C0EF4B600CE9102 /* ListModel.m in Sources */ = {isa = PBXBuildFile; fileRef = E55915541C0EF4B600CE9102 /* ListModel.m */; };
		E57B2BE11C0FCF0400EF2948 /* ContactTableViewController.m in Sources */ = {isa = PBXBuildFile; fileRef = E57B2BE01C0FCF0400EF2948 /* ContactTableViewController.m */; };
		E57B2BEC1C0FD57B00EF2948 /* addgroup.png in Resources */ = {isa = PBXBuildFile; fileRef = E57B2BEB1C0FD57B00EF2948 /* addgroup.png */; };
		E57B2BF11C0FE04700EF2948 /* EditContactTableViewController.m in Sources */ = {isa = PBXBuildFile; fileRef = E57B2BF01C0FE04700EF2948 /* EditContactTableViewController.m */; };
		E57B2BF41C0FE08F00EF2948 /* ContactModel.m in Sources */ = {isa = PBXBuildFile; fileRef = E57B2BF31C0FE08F00EF2948 /* ContactModel.m */; };
		E57B2C001C101D8800EF2948 /* item-0.png in Resources */ = {isa = PBXBuildFile; fileRef = E57B2BF61C101D8800EF2948 /* item-0.png */; };
		E57B2C011C101D8800EF2948 /* item-1.png in Resources */ = {isa = PBXBuildFile; fileRef = E57B2BF71C101D8800EF2948 /* item-1.png */; };
		E57B2C021C101D8800EF2948 /* item-8.png in Resources */ = {isa = PBXBuildFile; fileRef = E57B2BF81C101D8800EF2948 /* item-8.png */; };
		E57B2C031C101D8800EF2948 /* item-2.png in Resources */ = {isa = PBXBuildFile; fileRef = E57B2BF91C101D8800EF2948 /* item-2.png */; };
		E57B2C041C101D8800EF2948 /* item-3.png in Resources */ = {isa = PBXBuildFile; fileRef = E57B2BFA1C101D8800EF2948 /* item-3.png */; };
		E57B2C061C101D8800EF2948 /* item-9.png in Resources */ = {isa = PBXBuildFile; fileRef = E57B2BFC1C101D8800EF2948 /* item-9.png */; };
		E57B2C071C101D8800EF2948 /* item-7.png in Resources */ = {isa = PBXBuildFile; fileRef = E57B2BFD1C101D8800EF2948 /* item-7.png */; };
		E57B2C0C1C101E3900EF2948 /* item-6.png in Resources */ = {isa = PBXBuildFile; fileRef = E57B2C0A1C101E3900EF2948 /* item-6.png */; };
		E57B2C0D1C101E3900EF2948 /* item-4.png in Resources */ = {isa = PBXBuildFile; fileRef = E57B2C0B1C101E3900EF2948 /* item-4.png */; };
		E57B2C101C101EC600EF2948 /* PersonCollectionViewCell.m in Sources */ = {isa = PBXBuildFile; fileRef = E57B2C0F1C101EC600EF2948 /* PersonCollectionViewCell.m */; };
		E57B2C131C101F2200EF2948 /* PersonImageCollectionViewController.m in Sources */ = {isa = PBXBuildFile; fileRef = E57B2C121C101F2200EF2948 /* PersonImageCollectionViewController.m */; };
		E57B2C171C10218300EF2948 /* item-5.png in Resources */ = {isa = PBXBuildFile; fileRef = E57B2C161C10218300EF2948 /* item-5.png */; };
		E57B2C191C1021A500EF2948 /* item-10.png in Resources */ = {isa = PBXBuildFile; fileRef = E57B2C181C1021A500EF2948 /* item-10.png */; };
		E57B2C1B1C1021E700EF2948 /* item-11.png in Resources */ = {isa = PBXBuildFile; fileRef = E57B2C1A1C1021E700EF2948 /* item-11.png */; };
		E57B2C1D1C102B7900EF2948 /* addimage.png in Resources */ = {isa = PBXBuildFile; fileRef = E57B2C1C1C102B7900EF2948 /* addimage.png */; };
		E57B2C201C10305700EF2948 /* GroupTableViewController.m in Sources */ = {isa = PBXBuildFile; fileRef = E57B2C1F1C10305700EF2948 /* GroupTableViewController.m */; };
		E57B2C241C10370900EF2948 /* EditGroupTableViewController.m in Sources */ = {isa = PBXBuildFile; fileRef = E57B2C231C10370900EF2948 /* EditGroupTableViewController.m */; };
		E57B2C271C103B3700EF2948 /* GroupModel.m in Sources */ = {isa = PBXBuildFile; fileRef = E57B2C261C103B3700EF2948 /* GroupModel.m */; };
		E57B2C291C103E4000EF2948 /* spouse.png in Resources */ = {isa = PBXBuildFile; fileRef = E57B2C281C103E4000EF2948 /* spouse.png */; };
		E57B2C2B1C103E5700EF2948 /* son.png in Resources */ = {isa = PBXBuildFile; fileRef = E57B2C2A1C103E5700EF2948 /* son.png */; };
		E57B2C2D1C103E5D00EF2948 /* daughter.png in Resources */ = {isa = PBXBuildFile; fileRef = E57B2C2C1C103E5D00EF2948 /* daughter.png */; };
		E57B2C2F1C10482F00EF2948 /* friend.png in Resources */ = {isa = PBXBuildFile; fileRef = E57B2C2E1C10482F00EF2948 /* friend.png */; };
/* End PBXBuildFile section */

/* Begin PBXContainerItemProxy section */
		E55914CD1C0EC92E00CE9102 /* PBXContainerItemProxy */ = {
			isa = PBXContainerItemProxy;
			containerPortal = E55914AB1C0EC92E00CE9102 /* Project object */;
			proxyType = 1;
			remoteGlobalIDString = E55914B21C0EC92E00CE9102;
			remoteInfo = Mimamoro;
		};
		E55914D81C0EC92E00CE9102 /* PBXContainerItemProxy */ = {
			isa = PBXContainerItemProxy;
			containerPortal = E55914AB1C0EC92E00CE9102 /* Project object */;
			proxyType = 1;
			remoteGlobalIDString = E55914B21C0EC92E00CE9102;
			remoteInfo = Mimamoro;
		};
/* End PBXContainerItemProxy section */

/* Begin PBXFileReference section */
		E55914B31C0EC92E00CE9102 /* Mimamori.app */ = {isa = PBXFileReference; explicitFileType = wrapper.application; includeInIndex = 0; path = Mimamori.app; sourceTree = BUILT_PRODUCTS_DIR; };
		E55914B71C0EC92E00CE9102 /* main.m */ = {isa = PBXFileReference; lastKnownFileType = sourcecode.c.objc; path = main.m; sourceTree = "<group>"; };
		E55914B91C0EC92E00CE9102 /* AppDelegate.h */ = {isa = PBXFileReference; lastKnownFileType = sourcecode.c.h; path = AppDelegate.h; sourceTree = "<group>"; };
		E55914BA1C0EC92E00CE9102 /* AppDelegate.m */ = {isa = PBXFileReference; lastKnownFileType = sourcecode.c.objc; path = AppDelegate.m; sourceTree = "<group>"; };
		E55914C01C0EC92E00CE9102 /* Base */ = {isa = PBXFileReference; lastKnownFileType = file.storyboard; name = Base; path = Base.lproj/Main.storyboard; sourceTree = "<group>"; };
		E55914C21C0EC92E00CE9102 /* Assets.xcassets */ = {isa = PBXFileReference; lastKnownFileType = folder.assetcatalog; path = Assets.xcassets; sourceTree = "<group>"; };
		E55914C51C0EC92E00CE9102 /* Base */ = {isa = PBXFileReference; lastKnownFileType = file.storyboard; name = Base; path = Base.lproj/LaunchScreen.storyboard; sourceTree = "<group>"; };
		E55914C71C0EC92E00CE9102 /* Info.plist */ = {isa = PBXFileReference; lastKnownFileType = text.plist.xml; path = Info.plist; sourceTree = "<group>"; };
		E55914CC1C0EC92E00CE9102 /* MimamoroTests.xctest */ = {isa = PBXFileReference; explicitFileType = wrapper.cfbundle; includeInIndex = 0; path = MimamoroTests.xctest; sourceTree = BUILT_PRODUCTS_DIR; };
		E55914D01C0EC92E00CE9102 /* MimamoroTests.m */ = {isa = PBXFileReference; lastKnownFileType = sourcecode.c.objc; path = MimamoroTests.m; sourceTree = "<group>"; };
		E55914D21C0EC92E00CE9102 /* Info.plist */ = {isa = PBXFileReference; lastKnownFileType = text.plist.xml; path = Info.plist; sourceTree = "<group>"; };
		E55914D71C0EC92E00CE9102 /* MimamoroUITests.xctest */ = {isa = PBXFileReference; explicitFileType = wrapper.cfbundle; includeInIndex = 0; path = MimamoroUITests.xctest; sourceTree = BUILT_PRODUCTS_DIR; };
		E55914DB1C0EC92E00CE9102 /* MimamoroUITests.m */ = {isa = PBXFileReference; lastKnownFileType = sourcecode.c.objc; path = MimamoroUITests.m; sourceTree = "<group>"; };
		E55914DD1C0EC92E00CE9102 /* Info.plist */ = {isa = PBXFileReference; lastKnownFileType = text.plist.xml; path = Info.plist; sourceTree = "<group>"; };
		E55914F41C0ED0A300CE9102 /* EmergencyViewController.h */ = {isa = PBXFileReference; fileEncoding = 4; lastKnownFileType = sourcecode.c.h; path = EmergencyViewController.h; sourceTree = "<group>"; };
		E55914F51C0ED0A300CE9102 /* EmergencyViewController.m */ = {isa = PBXFileReference; fileEncoding = 4; lastKnownFileType = sourcecode.c.objc; path = EmergencyViewController.m; sourceTree = "<group>"; };
		E55914F71C0ED0B000CE9102 /* WorryViewController.h */ = {isa = PBXFileReference; fileEncoding = 4; lastKnownFileType = sourcecode.c.h; path = WorryViewController.h; sourceTree = "<group>"; };
		E55914F81C0ED0B000CE9102 /* WorryViewController.m */ = {isa = PBXFileReference; fileEncoding = 4; lastKnownFileType = sourcecode.c.objc; path = WorryViewController.m; sourceTree = "<group>"; };
		E55914FA1C0ED0BD00CE9102 /* OtherCollectionViewController.h */ = {isa = PBXFileReference; fileEncoding = 4; lastKnownFileType = sourcecode.c.h; path = OtherCollectionViewController.h; sourceTree = "<group>"; };
		E55914FB1C0ED0BD00CE9102 /* OtherCollectionViewController.m */ = {isa = PBXFileReference; fileEncoding = 4; lastKnownFileType = sourcecode.c.objc; path = OtherCollectionViewController.m; sourceTree = "<group>"; };
		E55914FD1C0ED0DA00CE9102 /* ContactCollectionViewController.h */ = {isa = PBXFileReference; fileEncoding = 4; lastKnownFileType = sourcecode.c.h; path = ContactCollectionViewController.h; sourceTree = "<group>"; };
		E55914FE1C0ED0DA00CE9102 /* ContactCollectionViewController.m */ = {isa = PBXFileReference; fileEncoding = 4; lastKnownFileType = sourcecode.c.objc; path = ContactCollectionViewController.m; sourceTree = "<group>"; };
		E55915001C0ED54C00CE9102 /* TabBarController.h */ = {isa = PBXFileReference; fileEncoding = 4; lastKnownFileType = sourcecode.c.h; path = TabBarController.h; sourceTree = "<group>"; };
		E55915011C0ED54C00CE9102 /* TabBarController.m */ = {isa = PBXFileReference; fileEncoding = 4; lastKnownFileType = sourcecode.c.objc; path = TabBarController.m; sourceTree = "<group>"; };
		E55915031C0ED73A00CE9102 /* contactlist.png */ = {isa = PBXFileReference; lastKnownFileType = image.png; path = contactlist.png; sourceTree = "<group>"; };
		E55915051C0ED87F00CE9102 /* emergency.png */ = {isa = PBXFileReference; lastKnownFileType = image.png; path = emergency.png; sourceTree = "<group>"; };
		E55915071C0ED88300CE9102 /* worry.png */ = {isa = PBXFileReference; lastKnownFileType = image.png; path = worry.png; sourceTree = "<group>"; };
		E55915091C0ED88600CE9102 /* setting.png */ = {isa = PBXFileReference; lastKnownFileType = image.png; path = setting.png; sourceTree = "<group>"; };
		E559150B1C0ED99000CE9102 /* contactlist-0.png */ = {isa = PBXFileReference; lastKnownFileType = image.png; path = "contactlist-0.png"; sourceTree = "<group>"; };
		E559150D1C0ED99400CE9102 /* emergency-0.png */ = {isa = PBXFileReference; lastKnownFileType = image.png; path = "emergency-0.png"; sourceTree = "<group>"; };
		E559150F1C0ED99700CE9102 /* worry-0.png */ = {isa = PBXFileReference; lastKnownFileType = image.png; path = "worry-0.png"; sourceTree = "<group>"; };
		E55915111C0ED99B00CE9102 /* setting-0.png */ = {isa = PBXFileReference; lastKnownFileType = image.png; path = "setting-0.png"; sourceTree = "<group>"; };
		E55915141C0EDD5B00CE9102 /* emergencybtn.png */ = {isa = PBXFileReference; lastKnownFileType = image.png; path = emergencybtn.png; sourceTree = "<group>"; };
		E55915161C0EDD5E00CE9102 /* worrybtn.png */ = {isa = PBXFileReference; lastKnownFileType = image.png; path = worrybtn.png; sourceTree = "<group>"; };
		E55915191C0EE45800CE9102 /* ContactCollectionViewCell.h */ = {isa = PBXFileReference; fileEncoding = 4; lastKnownFileType = sourcecode.c.h; path = ContactCollectionViewCell.h; sourceTree = "<group>"; };
		E559151A1C0EE45800CE9102 /* ContactCollectionViewCell.m */ = {isa = PBXFileReference; fileEncoding = 4; lastKnownFileType = sourcecode.c.objc; path = ContactCollectionViewCell.m; sourceTree = "<group>"; };
		E559151C1C0EE47900CE9102 /* SettingCollectionViewCell.h */ = {isa = PBXFileReference; fileEncoding = 4; lastKnownFileType = sourcecode.c.h; path = SettingCollectionViewCell.h; sourceTree = "<group>"; };
		E559151D1C0EE47900CE9102 /* SettingCollectionViewCell.m */ = {isa = PBXFileReference; fileEncoding = 4; lastKnownFileType = sourcecode.c.objc; path = SettingCollectionViewCell.m; sourceTree = "<group>"; };
		E559151F1C0EE65000CE9102 /* settingimage.png */ = {isa = PBXFileReference; lastKnownFileType = image.png; path = settingimage.png; sourceTree = "<group>"; };
		E55915211C0EE6CA00CE9102 /* lightimage.png */ = {isa = PBXFileReference; lastKnownFileType = image.png; path = lightimage.png; sourceTree = "<group>"; };
		E55915231C0EE6CE00CE9102 /* homeimage.png */ = {isa = PBXFileReference; lastKnownFileType = image.png; path = homeimage.png; sourceTree = "<group>"; };
		E55915251C0EEB9200CE9102 /* plusimage.png */ = {isa = PBXFileReference; lastKnownFileType = image.png; path = plusimage.png; sourceTree = "<group>"; };
		E559152B1C0EECF700CE9102 /* userprofile.png */ = {isa = PBXFileReference; lastKnownFileType = image.png; path = userprofile.png; sourceTree = "<group>"; };
		E559152D1C0EED0200CE9102 /* takelist.png */ = {isa = PBXFileReference; lastKnownFileType = image.png; path = takelist.png; sourceTree = "<group>"; };
		E559152F1C0EED3200CE9102 /* personaldata.png */ = {isa = PBXFileReference; lastKnownFileType = image.png; path = personaldata.png; sourceTree = "<group>"; };
		E55915311C0EEE6B00CE9102 /* EditProfileTableViewController.h */ = {isa = PBXFileReference; fileEncoding = 4; lastKnownFileType = sourcecode.c.h; path = EditProfileTableViewController.h; sourceTree = "<group>"; };
		E55915321C0EEE6B00CE9102 /* EditProfileTableViewController.m */ = {isa = PBXFileReference; fileEncoding = 4; lastKnownFileType = sourcecode.c.objc; path = EditProfileTableViewController.m; sourceTree = "<group>"; };
		E55915341C0EEEA000CE9102 /* ProfileTableViewController.h */ = {isa = PBXFileReference; fileEncoding = 4; lastKnownFileType = sourcecode.c.h; path = ProfileTableViewController.h; sourceTree = "<group>"; };
		E55915351C0EEEA000CE9102 /* ProfileTableViewController.m */ = {isa = PBXFileReference; fileEncoding = 4; lastKnownFileType = sourcecode.c.objc; path = ProfileTableViewController.m; sourceTree = "<group>"; };
		E55915371C0EF04900CE9102 /* SettingTableViewController.h */ = {isa = PBXFileReference; fileEncoding = 4; lastKnownFileType = sourcecode.c.h; path = SettingTableViewController.h; sourceTree = "<group>"; };
		E55915381C0EF04900CE9102 /* SettingTableViewController.m */ = {isa = PBXFileReference; fileEncoding = 4; lastKnownFileType = sourcecode.c.objc; path = SettingTableViewController.m; sourceTree = "<group>"; };
		E559153B1C0EF07400CE9102 /* UserProfileModel.h */ = {isa = PBXFileReference; fileEncoding = 4; lastKnownFileType = sourcecode.c.h; path = UserProfileModel.h; sourceTree = "<group>"; };
		E559153C1C0EF07400CE9102 /* UserProfileModel.m */ = {isa = PBXFileReference; fileEncoding = 4; lastKnownFileType = sourcecode.c.objc; path = UserProfileModel.m; sourceTree = "<group>"; };
		E559153E1C0EF20B00CE9102 /* ListTableViewController.h */ = {isa = PBXFileReference; fileEncoding = 4; lastKnownFileType = sourcecode.c.h; path = ListTableViewController.h; sourceTree = "<group>"; };
		E559153F1C0EF20B00CE9102 /* ListTableViewController.m */ = {isa = PBXFileReference; fileEncoding = 4; lastKnownFileType = sourcecode.c.objc; path = ListTableViewController.m; sourceTree = "<group>"; };
		E55915411C0EF21200CE9102 /* PersonalDataTableViewController.h */ = {isa = PBXFileReference; fileEncoding = 4; lastKnownFileType = sourcecode.c.h; path = PersonalDataTableViewController.h; sourceTree = "<group>"; };
		E55915421C0EF21200CE9102 /* PersonalDataTableViewController.m */ = {isa = PBXFileReference; fileEncoding = 4; lastKnownFileType = sourcecode.c.objc; path = PersonalDataTableViewController.m; sourceTree = "<group>"; };
		E55915441C0EF22400CE9102 /* EditListViewController.h */ = {isa = PBXFileReference; fileEncoding = 4; lastKnownFileType = sourcecode.c.h; path = EditListViewController.h; sourceTree = "<group>"; };
		E55915451C0EF22400CE9102 /* EditListViewController.m */ = {isa = PBXFileReference; fileEncoding = 4; lastKnownFileType = sourcecode.c.objc; path = EditListViewController.m; sourceTree = "<group>"; };
		E55915471C0EF23700CE9102 /* EditKennkoTableViewController.h */ = {isa = PBXFileReference; fileEncoding = 4; lastKnownFileType = sourcecode.c.h; path = EditKennkoTableViewController.h; sourceTree = "<group>"; };
		E55915481C0EF23700CE9102 /* EditKennkoTableViewController.m */ = {isa = PBXFileReference; fileEncoding = 4; lastKnownFileType = sourcecode.c.objc; path = EditKennkoTableViewController.m; sourceTree = "<group>"; };
		E55915491C0EF23700CE9102 /* EditKusiriTableViewController.h */ = {isa = PBXFileReference; fileEncoding = 4; lastKnownFileType = sourcecode.c.h; path = EditKusiriTableViewController.h; sourceTree = "<group>"; };
		E559154A1C0EF23700CE9102 /* EditKusiriTableViewController.m */ = {isa = PBXFileReference; fileEncoding = 4; lastKnownFileType = sourcecode.c.objc; path = EditKusiriTableViewController.m; sourceTree = "<group>"; };
		E559154D1C0EF4AE00CE9102 /* KennkoModel.h */ = {isa = PBXFileReference; fileEncoding = 4; lastKnownFileType = sourcecode.c.h; path = KennkoModel.h; sourceTree = "<group>"; };
		E559154E1C0EF4AE00CE9102 /* KennkoModel.m */ = {isa = PBXFileReference; fileEncoding = 4; lastKnownFileType = sourcecode.c.objc; path = KennkoModel.m; sourceTree = "<group>"; };
		E559154F1C0EF4AE00CE9102 /* KusuriModel.h */ = {isa = PBXFileReference; fileEncoding = 4; lastKnownFileType = sourcecode.c.h; path = KusuriModel.h; sourceTree = "<group>"; };
		E55915501C0EF4AE00CE9102 /* KusuriModel.m */ = {isa = PBXFileReference; fileEncoding = 4; lastKnownFileType = sourcecode.c.objc; path = KusuriModel.m; sourceTree = "<group>"; };
		E55915531C0EF4B600CE9102 /* ListModel.h */ = {isa = PBXFileReference; fileEncoding = 4; lastKnownFileType = sourcecode.c.h; path = ListModel.h; sourceTree = "<group>"; };
		E55915541C0EF4B600CE9102 /* ListModel.m */ = {isa = PBXFileReference; fileEncoding = 4; lastKnownFileType = sourcecode.c.objc; path = ListModel.m; sourceTree = "<group>"; };
		E57B2BDF1C0FCF0400EF2948 /* ContactTableViewController.h */ = {isa = PBXFileReference; fileEncoding = 4; lastKnownFileType = sourcecode.c.h; path = ContactTableViewController.h; sourceTree = "<group>"; };
		E57B2BE01C0FCF0400EF2948 /* ContactTableViewController.m */ = {isa = PBXFileReference; fileEncoding = 4; lastKnownFileType = sourcecode.c.objc; path = ContactTableViewController.m; sourceTree = "<group>"; };
		E57B2BEB1C0FD57B00EF2948 /* addgroup.png */ = {isa = PBXFileReference; lastKnownFileType = image.png; path = addgroup.png; sourceTree = "<group>"; };
		E57B2BEF1C0FE04700EF2948 /* EditContactTableViewController.h */ = {isa = PBXFileReference; fileEncoding = 4; lastKnownFileType = sourcecode.c.h; path = EditContactTableViewController.h; sourceTree = "<group>"; };
		E57B2BF01C0FE04700EF2948 /* EditContactTableViewController.m */ = {isa = PBXFileReference; fileEncoding = 4; lastKnownFileType = sourcecode.c.objc; path = EditContactTableViewController.m; sourceTree = "<group>"; };
		E57B2BF21C0FE08F00EF2948 /* ContactModel.h */ = {isa = PBXFileReference; fileEncoding = 4; lastKnownFileType = sourcecode.c.h; path = ContactModel.h; sourceTree = "<group>"; };
		E57B2BF31C0FE08F00EF2948 /* ContactModel.m */ = {isa = PBXFileReference; fileEncoding = 4; lastKnownFileType = sourcecode.c.objc; path = ContactModel.m; sourceTree = "<group>"; };
		E57B2BF61C101D8800EF2948 /* item-0.png */ = {isa = PBXFileReference; lastKnownFileType = image.png; path = "item-0.png"; sourceTree = "<group>"; };
		E57B2BF71C101D8800EF2948 /* item-1.png */ = {isa = PBXFileReference; lastKnownFileType = image.png; path = "item-1.png"; sourceTree = "<group>"; };
		E57B2BF81C101D8800EF2948 /* item-8.png */ = {isa = PBXFileReference; lastKnownFileType = image.png; path = "item-8.png"; sourceTree = "<group>"; };
		E57B2BF91C101D8800EF2948 /* item-2.png */ = {isa = PBXFileReference; lastKnownFileType = image.png; path = "item-2.png"; sourceTree = "<group>"; };
		E57B2BFA1C101D8800EF2948 /* item-3.png */ = {isa = PBXFileReference; lastKnownFileType = image.png; path = "item-3.png"; sourceTree = "<group>"; };
		E57B2BFC1C101D8800EF2948 /* item-9.png */ = {isa = PBXFileReference; lastKnownFileType = image.png; path = "item-9.png"; sourceTree = "<group>"; };
		E57B2BFD1C101D8800EF2948 /* item-7.png */ = {isa = PBXFileReference; lastKnownFileType = image.png; path = "item-7.png"; sourceTree = "<group>"; };
		E57B2C0A1C101E3900EF2948 /* item-6.png */ = {isa = PBXFileReference; lastKnownFileType = image.png; path = "item-6.png"; sourceTree = "<group>"; };
		E57B2C0B1C101E3900EF2948 /* item-4.png */ = {isa = PBXFileReference; lastKnownFileType = image.png; path = "item-4.png"; sourceTree = "<group>"; };
		E57B2C0E1C101EC600EF2948 /* PersonCollectionViewCell.h */ = {isa = PBXFileReference; fileEncoding = 4; lastKnownFileType = sourcecode.c.h; path = PersonCollectionViewCell.h; sourceTree = "<group>"; };
		E57B2C0F1C101EC600EF2948 /* PersonCollectionViewCell.m */ = {isa = PBXFileReference; fileEncoding = 4; lastKnownFileType = sourcecode.c.objc; path = PersonCollectionViewCell.m; sourceTree = "<group>"; };
		E57B2C111C101F2200EF2948 /* PersonImageCollectionViewController.h */ = {isa = PBXFileReference; fileEncoding = 4; lastKnownFileType = sourcecode.c.h; path = PersonImageCollectionViewController.h; sourceTree = "<group>"; };
		E57B2C121C101F2200EF2948 /* PersonImageCollectionViewController.m */ = {isa = PBXFileReference; fileEncoding = 4; lastKnownFileType = sourcecode.c.objc; path = PersonImageCollectionViewController.m; sourceTree = "<group>"; };
		E57B2C161C10218300EF2948 /* item-5.png */ = {isa = PBXFileReference; lastKnownFileType = image.png; path = "item-5.png"; sourceTree = "<group>"; };
		E57B2C181C1021A500EF2948 /* item-10.png */ = {isa = PBXFileReference; lastKnownFileType = image.png; path = "item-10.png"; sourceTree = "<group>"; };
		E57B2C1A1C1021E700EF2948 /* item-11.png */ = {isa = PBXFileReference; lastKnownFileType = image.png; path = "item-11.png"; sourceTree = "<group>"; };
		E57B2C1C1C102B7900EF2948 /* addimage.png */ = {isa = PBXFileReference; lastKnownFileType = image.png; path = addimage.png; sourceTree = "<group>"; };
		E57B2C1E1C10305700EF2948 /* GroupTableViewController.h */ = {isa = PBXFileReference; fileEncoding = 4; lastKnownFileType = sourcecode.c.h; path = GroupTableViewController.h; sourceTree = "<group>"; };
		E57B2C1F1C10305700EF2948 /* GroupTableViewController.m */ = {isa = PBXFileReference; fileEncoding = 4; lastKnownFileType = sourcecode.c.objc; path = GroupTableViewController.m; sourceTree = "<group>"; };
		E57B2C221C10370900EF2948 /* EditGroupTableViewController.h */ = {isa = PBXFileReference; fileEncoding = 4; lastKnownFileType = sourcecode.c.h; path = EditGroupTableViewController.h; sourceTree = "<group>"; };
		E57B2C231C10370900EF2948 /* EditGroupTableViewController.m */ = {isa = PBXFileReference; fileEncoding = 4; lastKnownFileType = sourcecode.c.objc; path = EditGroupTableViewController.m; sourceTree = "<group>"; };
		E57B2C251C103B3700EF2948 /* GroupModel.h */ = {isa = PBXFileReference; fileEncoding = 4; lastKnownFileType = sourcecode.c.h; path = GroupModel.h; sourceTree = "<group>"; };
		E57B2C261C103B3700EF2948 /* GroupModel.m */ = {isa = PBXFileReference; fileEncoding = 4; lastKnownFileType = sourcecode.c.objc; path = GroupModel.m; sourceTree = "<group>"; };
		E57B2C281C103E4000EF2948 /* spouse.png */ = {isa = PBXFileReference; lastKnownFileType = image.png; path = spouse.png; sourceTree = "<group>"; };
		E57B2C2A1C103E5700EF2948 /* son.png */ = {isa = PBXFileReference; lastKnownFileType = image.png; path = son.png; sourceTree = "<group>"; };
		E57B2C2C1C103E5D00EF2948 /* daughter.png */ = {isa = PBXFileReference; lastKnownFileType = image.png; path = daughter.png; sourceTree = "<group>"; };
		E57B2C2E1C10482F00EF2948 /* friend.png */ = {isa = PBXFileReference; lastKnownFileType = image.png; path = friend.png; sourceTree = "<group>"; };
/* End PBXFileReference section */

/* Begin PBXFrameworksBuildPhase section */
		E55914B01C0EC92E00CE9102 /* Frameworks */ = {
			isa = PBXFrameworksBuildPhase;
			buildActionMask = 2147483647;
			files = (
			);
			runOnlyForDeploymentPostprocessing = 0;
		};
		E55914C91C0EC92E00CE9102 /* Frameworks */ = {
			isa = PBXFrameworksBuildPhase;
			buildActionMask = 2147483647;
			files = (
			);
			runOnlyForDeploymentPostprocessing = 0;
		};
		E55914D41C0EC92E00CE9102 /* Frameworks */ = {
			isa = PBXFrameworksBuildPhase;
			buildActionMask = 2147483647;
			files = (
			);
			runOnlyForDeploymentPostprocessing = 0;
		};
/* End PBXFrameworksBuildPhase section */

/* Begin PBXGroup section */
		E55914AA1C0EC92E00CE9102 = {
			isa = PBXGroup;
			children = (
				E55914B51C0EC92E00CE9102 /* Mimamoro */,
				E55914CF1C0EC92E00CE9102 /* MimamoroTests */,
				E55914DA1C0EC92E00CE9102 /* MimamoroUITests */,
				E55914B41C0EC92E00CE9102 /* Products */,
			);
			sourceTree = "<group>";
		};
		E55914B41C0EC92E00CE9102 /* Products */ = {
			isa = PBXGroup;
			children = (
				E55914B31C0EC92E00CE9102 /* Mimamori.app */,
				E55914CC1C0EC92E00CE9102 /* MimamoroTests.xctest */,
				E55914D71C0EC92E00CE9102 /* MimamoroUITests.xctest */,
			);
			name = Products;
			sourceTree = "<group>";
		};
		E55914B51C0EC92E00CE9102 /* Mimamoro */ = {
			isa = PBXGroup;
			children = (
				E559153A1C0EF06900CE9102 /* Models */,
				E55915271C0EEC2800CE9102 /* SubViewControllers */,
				E55915181C0EE43400CE9102 /* Classes */,
				E55914B91C0EC92E00CE9102 /* AppDelegate.h */,
				E55914BA1C0EC92E00CE9102 /* AppDelegate.m */,
				E55915001C0ED54C00CE9102 /* TabBarController.h */,
				E55915011C0ED54C00CE9102 /* TabBarController.m */,
				E55914FD1C0ED0DA00CE9102 /* ContactCollectionViewController.h */,
				E55914FE1C0ED0DA00CE9102 /* ContactCollectionViewController.m */,
				E55914F41C0ED0A300CE9102 /* EmergencyViewController.h */,
				E55914F51C0ED0A300CE9102 /* EmergencyViewController.m */,
				E55914F71C0ED0B000CE9102 /* WorryViewController.h */,
				E55914F81C0ED0B000CE9102 /* WorryViewController.m */,
				E55914FA1C0ED0BD00CE9102 /* OtherCollectionViewController.h */,
				E55914FB1C0ED0BD00CE9102 /* OtherCollectionViewController.m */,
				E55914BF1C0EC92E00CE9102 /* Main.storyboard */,
				E55914C21C0EC92E00CE9102 /* Assets.xcassets */,
				E55914C41C0EC92E00CE9102 /* LaunchScreen.storyboard */,
				E55914C71C0EC92E00CE9102 /* Info.plist */,
				E55914B61C0EC92E00CE9102 /* Supporting Files */,
			);
			path = Mimamoro;
			sourceTree = "<group>";
		};
		E55914B61C0EC92E00CE9102 /* Supporting Files */ = {
			isa = PBXGroup;
			children = (
				E55914B71C0EC92E00CE9102 /* main.m */,
				E57B2BF51C101D8800EF2948 /* person-image */,
				E559150B1C0ED99000CE9102 /* contactlist-0.png */,
				E559150D1C0ED99400CE9102 /* emergency-0.png */,
				E559150F1C0ED99700CE9102 /* worry-0.png */,
				E55915111C0ED99B00CE9102 /* setting-0.png */,
				E55915031C0ED73A00CE9102 /* contactlist.png */,
				E55915051C0ED87F00CE9102 /* emergency.png */,
				E55915071C0ED88300CE9102 /* worry.png */,
				E55915091C0ED88600CE9102 /* setting.png */,
				E55915141C0EDD5B00CE9102 /* emergencybtn.png */,
				E55915161C0EDD5E00CE9102 /* worrybtn.png */,
				E559151F1C0EE65000CE9102 /* settingimage.png */,
				E55915211C0EE6CA00CE9102 /* lightimage.png */,
				E55915231C0EE6CE00CE9102 /* homeimage.png */,
				E55915251C0EEB9200CE9102 /* plusimage.png */,
				E559152B1C0EECF700CE9102 /* userprofile.png */,
				E559152D1C0EED0200CE9102 /* takelist.png */,
				E559152F1C0EED3200CE9102 /* personaldata.png */,
				E57B2C281C103E4000EF2948 /* spouse.png */,
				E57B2C2A1C103E5700EF2948 /* son.png */,
				E57B2C2C1C103E5D00EF2948 /* daughter.png */,
				E57B2BEB1C0FD57B00EF2948 /* addgroup.png */,
				E57B2C2E1C10482F00EF2948 /* friend.png */,
				E57B2C1C1C102B7900EF2948 /* addimage.png */,
			);
			name = "Supporting Files";
			sourceTree = "<group>";
		};
		E55914CF1C0EC92E00CE9102 /* MimamoroTests */ = {
			isa = PBXGroup;
			children = (
				E55914D01C0EC92E00CE9102 /* MimamoroTests.m */,
				E55914D21C0EC92E00CE9102 /* Info.plist */,
			);
			path = MimamoroTests;
			sourceTree = "<group>";
		};
		E55914DA1C0EC92E00CE9102 /* MimamoroUITests */ = {
			isa = PBXGroup;
			children = (
				E55914DB1C0EC92E00CE9102 /* MimamoroUITests.m */,
				E55914DD1C0EC92E00CE9102 /* Info.plist */,
			);
			path = MimamoroUITests;
			sourceTree = "<group>";
		};
		E55915181C0EE43400CE9102 /* Classes */ = {
			isa = PBXGroup;
			children = (
				E55915191C0EE45800CE9102 /* ContactCollectionViewCell.h */,
				E559151A1C0EE45800CE9102 /* ContactCollectionViewCell.m */,
				E559151C1C0EE47900CE9102 /* SettingCollectionViewCell.h */,
				E559151D1C0EE47900CE9102 /* SettingCollectionViewCell.m */,
				E57B2C0E1C101EC600EF2948 /* PersonCollectionViewCell.h */,
				E57B2C0F1C101EC600EF2948 /* PersonCollectionViewCell.m */,
			);
			name = Classes;
			sourceTree = "<group>";
		};
		E55915271C0EEC2800CE9102 /* SubViewControllers */ = {
			isa = PBXGroup;
			children = (
				E57B2C301C1125BA00EF2948 /* ContactManageViewControllers */,
				E57B2C211C1036C500EF2948 /* GroupManageViewControllers */,
				E55915371C0EF04900CE9102 /* SettingTableViewController.h */,
				E55915381C0EF04900CE9102 /* SettingTableViewController.m */,
				E55915341C0EEEA000CE9102 /* ProfileTableViewController.h */,
				E55915351C0EEEA000CE9102 /* ProfileTableViewController.m */,
				E55915311C0EEE6B00CE9102 /* EditProfileTableViewController.h */,
				E55915321C0EEE6B00CE9102 /* EditProfileTableViewController.m */,
				E559153E1C0EF20B00CE9102 /* ListTableViewController.h */,
				E559153F1C0EF20B00CE9102 /* ListTableViewController.m */,
				E55915441C0EF22400CE9102 /* EditListViewController.h */,
				E55915451C0EF22400CE9102 /* EditListViewController.m */,
				E55915411C0EF21200CE9102 /* PersonalDataTableViewController.h */,
				E55915421C0EF21200CE9102 /* PersonalDataTableViewController.m */,
				E55915471C0EF23700CE9102 /* EditKennkoTableViewController.h */,
				E55915481C0EF23700CE9102 /* EditKennkoTableViewController.m */,
				E55915491C0EF23700CE9102 /* EditKusiriTableViewController.h */,
				E559154A1C0EF23700CE9102 /* EditKusiriTableViewController.m */,
			);
			name = SubViewControllers;
			sourceTree = "<group>";
		};
		E559153A1C0EF06900CE9102 /* Models */ = {
			isa = PBXGroup;
			children = (
				E559153B1C0EF07400CE9102 /* UserProfileModel.h */,
				E559153C1C0EF07400CE9102 /* UserProfileModel.m */,
				E57B2BF21C0FE08F00EF2948 /* ContactModel.h */,
				E57B2BF31C0FE08F00EF2948 /* ContactModel.m */,
				E55915531C0EF4B600CE9102 /* ListModel.h */,
				E55915541C0EF4B600CE9102 /* ListModel.m */,
				E57B2C251C103B3700EF2948 /* GroupModel.h */,
				E57B2C261C103B3700EF2948 /* GroupModel.m */,
				E559154D1C0EF4AE00CE9102 /* KennkoModel.h */,
				E559154E1C0EF4AE00CE9102 /* KennkoModel.m */,
				E559154F1C0EF4AE00CE9102 /* KusuriModel.h */,
				E55915501C0EF4AE00CE9102 /* KusuriModel.m */,
			);
			name = Models;
			sourceTree = "<group>";
		};
		E57B2BF51C101D8800EF2948 /* person-image */ = {
			isa = PBXGroup;
			children = (
				E57B2BF61C101D8800EF2948 /* item-0.png */,
				E57B2BF71C101D8800EF2948 /* item-1.png */,
				E57B2BF81C101D8800EF2948 /* item-8.png */,
				E57B2BF91C101D8800EF2948 /* item-2.png */,
				E57B2BFA1C101D8800EF2948 /* item-3.png */,
				E57B2BFC1C101D8800EF2948 /* item-9.png */,
				E57B2BFD1C101D8800EF2948 /* item-7.png */,
				E57B2C161C10218300EF2948 /* item-5.png */,
				E57B2C0A1C101E3900EF2948 /* item-6.png */,
				E57B2C0B1C101E3900EF2948 /* item-4.png */,
				E57B2C181C1021A500EF2948 /* item-10.png */,
				E57B2C1A1C1021E700EF2948 /* item-11.png */,
			);
			path = "person-image";
			sourceTree = "<group>";
		};
		E57B2C211C1036C500EF2948 /* GroupManageViewControllers */ = {
			isa = PBXGroup;
			children = (
				E57B2C1E1C10305700EF2948 /* GroupTableViewController.h */,
				E57B2C1F1C10305700EF2948 /* GroupTableViewController.m */,
				E57B2C221C10370900EF2948 /* EditGroupTableViewController.h */,
				E57B2C231C10370900EF2948 /* EditGroupTableViewController.m */,
				E57B2C111C101F2200EF2948 /* PersonImageCollectionViewController.h */,
				E57B2C121C101F2200EF2948 /* PersonImageCollectionViewController.m */,
			);
			name = GroupManageViewControllers;
			sourceTree = "<group>";
		};
		E57B2C301C1125BA00EF2948 /* ContactManageViewControllers */ = {
			isa = PBXGroup;
			children = (
				E57B2BDF1C0FCF0400EF2948 /* ContactTableViewController.h */,
				E57B2BE01C0FCF0400EF2948 /* ContactTableViewController.m */,
				E57B2BEF1C0FE04700EF2948 /* EditContactTableViewController.h */,
				E57B2BF01C0FE04700EF2948 /* EditContactTableViewController.m */,
			);
			name = ContactManageViewControllers;
			sourceTree = "<group>";
		};
/* End PBXGroup section */

/* Begin PBXNativeTarget section */
		E55914B21C0EC92E00CE9102 /* Mimamori */ = {
			isa = PBXNativeTarget;
			buildConfigurationList = E55914E01C0EC92E00CE9102 /* Build configuration list for PBXNativeTarget "Mimamori" */;
			buildPhases = (
				E55914AF1C0EC92E00CE9102 /* Sources */,
				E55914B01C0EC92E00CE9102 /* Frameworks */,
				E55914B11C0EC92E00CE9102 /* Resources */,
			);
			buildRules = (
			);
			dependencies = (
			);
			name = Mimamori;
			productName = Mimamoro;
			productReference = E55914B31C0EC92E00CE9102 /* Mimamori.app */;
			productType = "com.apple.product-type.application";
		};
		E55914CB1C0EC92E00CE9102 /* MimamoroTests */ = {
			isa = PBXNativeTarget;
			buildConfigurationList = E55914E31C0EC92E00CE9102 /* Build configuration list for PBXNativeTarget "MimamoroTests" */;
			buildPhases = (
				E55914C81C0EC92E00CE9102 /* Sources */,
				E55914C91C0EC92E00CE9102 /* Frameworks */,
				E55914CA1C0EC92E00CE9102 /* Resources */,
			);
			buildRules = (
			);
			dependencies = (
				E55914CE1C0EC92E00CE9102 /* PBXTargetDependency */,
			);
			name = MimamoroTests;
			productName = MimamoroTests;
			productReference = E55914CC1C0EC92E00CE9102 /* MimamoroTests.xctest */;
			productType = "com.apple.product-type.bundle.unit-test";
		};
		E55914D61C0EC92E00CE9102 /* MimamoroUITests */ = {
			isa = PBXNativeTarget;
			buildConfigurationList = E55914E61C0EC92E00CE9102 /* Build configuration list for PBXNativeTarget "MimamoroUITests" */;
			buildPhases = (
				E55914D31C0EC92E00CE9102 /* Sources */,
				E55914D41C0EC92E00CE9102 /* Frameworks */,
				E55914D51C0EC92E00CE9102 /* Resources */,
			);
			buildRules = (
			);
			dependencies = (
				E55914D91C0EC92E00CE9102 /* PBXTargetDependency */,
			);
			name = MimamoroUITests;
			productName = MimamoroUITests;
			productReference = E55914D71C0EC92E00CE9102 /* MimamoroUITests.xctest */;
			productType = "com.apple.product-type.bundle.ui-testing";
		};
/* End PBXNativeTarget section */

/* Begin PBXProject section */
		E55914AB1C0EC92E00CE9102 /* Project object */ = {
			isa = PBXProject;
			attributes = {
				LastUpgradeCheck = 0710;
				ORGANIZATIONNAME = totyu1;
				TargetAttributes = {
					E55914B21C0EC92E00CE9102 = {
						CreatedOnToolsVersion = 7.1;
					};
					E55914CB1C0EC92E00CE9102 = {
						CreatedOnToolsVersion = 7.1;
						TestTargetID = E55914B21C0EC92E00CE9102;
					};
					E55914D61C0EC92E00CE9102 = {
						CreatedOnToolsVersion = 7.1;
						TestTargetID = E55914B21C0EC92E00CE9102;
					};
				};
			};
			buildConfigurationList = E55914AE1C0EC92E00CE9102 /* Build configuration list for PBXProject "Mimamoro" */;
			compatibilityVersion = "Xcode 3.2";
			developmentRegion = English;
			hasScannedForEncodings = 0;
			knownRegions = (
				en,
				Base,
			);
			mainGroup = E55914AA1C0EC92E00CE9102;
			productRefGroup = E55914B41C0EC92E00CE9102 /* Products */;
			projectDirPath = "";
			projectRoot = "";
			targets = (
				E55914B21C0EC92E00CE9102 /* Mimamori */,
				E55914CB1C0EC92E00CE9102 /* MimamoroTests */,
				E55914D61C0EC92E00CE9102 /* MimamoroUITests */,
			);
		};
/* End PBXProject section */

/* Begin PBXResourcesBuildPhase section */
		E55914B11C0EC92E00CE9102 /* Resources */ = {
			isa = PBXResourcesBuildPhase;
			buildActionMask = 2147483647;
			files = (
				E559152C1C0EECF700CE9102 /* userprofile.png in Resources */,
				E57B2C071C101D8800EF2948 /* item-7.png in Resources */,
				E55915241C0EE6CE00CE9102 /* homeimage.png in Resources */,
				E57B2C2D1C103E5D00EF2948 /* daughter.png in Resources */,
				E57B2C171C10218300EF2948 /* item-5.png in Resources */,
				E57B2C021C101D8800EF2948 /* item-8.png in Resources */,
				E55914C61C0EC92E00CE9102 /* LaunchScreen.storyboard in Resources */,
				E57B2C191C1021A500EF2948 /* item-10.png in Resources */,
				E57B2BEC1C0FD57B00EF2948 /* addgroup.png in Resources */,
				E55915081C0ED88300CE9102 /* worry.png in Resources */,
				E559150A1C0ED88600CE9102 /* setting.png in Resources */,
				E57B2C0C1C101E3900EF2948 /* item-6.png in Resources */,
				E57B2C291C103E4000EF2948 /* spouse.png in Resources */,
				E55915171C0EDD5E00CE9102 /* worrybtn.png in Resources */,
				E57B2C061C101D8800EF2948 /* item-9.png in Resources */,
				E55915151C0EDD5B00CE9102 /* emergencybtn.png in Resources */,
				E55914C31C0EC92E00CE9102 /* Assets.xcassets in Resources */,
				E55915041C0ED73A00CE9102 /* contactlist.png in Resources */,
				E55915301C0EED3200CE9102 /* personaldata.png in Resources */,
				E57B2C011C101D8800EF2948 /* item-1.png in Resources */,
				E55915261C0EEB9200CE9102 /* plusimage.png in Resources */,
				E55915101C0ED99700CE9102 /* worry-0.png in Resources */,
				E55915221C0EE6CA00CE9102 /* lightimage.png in Resources */,
				E55915201C0EE65000CE9102 /* settingimage.png in Resources */,
				E559152E1C0EED0200CE9102 /* takelist.png in Resources */,
				E57B2C2B1C103E5700EF2948 /* son.png in Resources */,
				E55915061C0ED87F00CE9102 /* emergency.png in Resources */,
				E57B2C031C101D8800EF2948 /* item-2.png in Resources */,
				E57B2C041C101D8800EF2948 /* item-3.png in Resources */,
				E57B2C2F1C10482F00EF2948 /* friend.png in Resources */,
				E57B2C001C101D8800EF2948 /* item-0.png in Resources */,
				E57B2C1D1C102B7900EF2948 /* addimage.png in Resources */,
				E57B2C0D1C101E3900EF2948 /* item-4.png in Resources */,
				E559150C1C0ED99000CE9102 /* contactlist-0.png in Resources */,
				E57B2C1B1C1021E700EF2948 /* item-11.png in Resources */,
				E55915121C0ED99B00CE9102 /* setting-0.png in Resources */,
				E559150E1C0ED99400CE9102 /* emergency-0.png in Resources */,
				E55914C11C0EC92E00CE9102 /* Main.storyboard in Resources */,
			);
			runOnlyForDeploymentPostprocessing = 0;
		};
		E55914CA1C0EC92E00CE9102 /* Resources */ = {
			isa = PBXResourcesBuildPhase;
			buildActionMask = 2147483647;
			files = (
			);
			runOnlyForDeploymentPostprocessing = 0;
		};
		E55914D51C0EC92E00CE9102 /* Resources */ = {
			isa = PBXResourcesBuildPhase;
			buildActionMask = 2147483647;
			files = (
			);
			runOnlyForDeploymentPostprocessing = 0;
		};
/* End PBXResourcesBuildPhase section */

/* Begin PBXSourcesBuildPhase section */
		E55914AF1C0EC92E00CE9102 /* Sources */ = {
			isa = PBXSourcesBuildPhase;
			buildActionMask = 2147483647;
			files = (
				E55915331C0EEE6B00CE9102 /* EditProfileTableViewController.m in Sources */,
				E57B2C131C101F2200EF2948 /* PersonImageCollectionViewController.m in Sources */,
				E559151E1C0EE47900CE9102 /* SettingCollectionViewCell.m in Sources */,
				E55915431C0EF21200CE9102 /* PersonalDataTableViewController.m in Sources */,
				E55915021C0ED54C00CE9102 /* TabBarController.m in Sources */,
				E57B2C201C10305700EF2948 /* GroupTableViewController.m in Sources */,
				E57B2C271C103B3700EF2948 /* GroupModel.m in Sources */,
				E57B2BE11C0FCF0400EF2948 /* ContactTableViewController.m in Sources */,
				E55915461C0EF22400CE9102 /* EditListViewController.m in Sources */,
				E55915401C0EF20B00CE9102 /* ListTableViewController.m in Sources */,
				E55915361C0EEEA000CE9102 /* ProfileTableViewController.m in Sources */,
				E57B2BF11C0FE04700EF2948 /* EditContactTableViewController.m in Sources */,
				E55915511C0EF4AE00CE9102 /* KennkoModel.m in Sources */,
				E559154B1C0EF23700CE9102 /* EditKennkoTableViewController.m in Sources */,
				E57B2C101C101EC600EF2948 /* PersonCollectionViewCell.m in Sources */,
				E559153D1C0EF07400CE9102 /* UserProfileModel.m in Sources */,
				E55915391C0EF04900CE9102 /* SettingTableViewController.m in Sources */,
				E559154C1C0EF23700CE9102 /* EditKusiriTableViewController.m in Sources */,
				E57B2BF41C0FE08F00EF2948 /* ContactModel.m in Sources */,
				E55915551C0EF4B600CE9102 /* ListModel.m in Sources */,
				E559151B1C0EE45800CE9102 /* ContactCollectionViewCell.m in Sources */,
				E55914BB1C0EC92E00CE9102 /* AppDelegate.m in Sources */,
				E55914F61C0ED0A300CE9102 /* EmergencyViewController.m in Sources */,
				E55914FC1C0ED0BD00CE9102 /* OtherCollectionViewController.m in Sources */,
				E57B2C241C10370900EF2948 /* EditGroupTableViewController.m in Sources */,
				E55915521C0EF4AE00CE9102 /* KusuriModel.m in Sources */,
				E55914FF1C0ED0DA00CE9102 /* ContactCollectionViewController.m in Sources */,
				E55914F91C0ED0B000CE9102 /* WorryViewController.m in Sources */,
				E55914B81C0EC92E00CE9102 /* main.m in Sources */,
			);
			runOnlyForDeploymentPostprocessing = 0;
		};
		E55914C81C0EC92E00CE9102 /* Sources */ = {
			isa = PBXSourcesBuildPhase;
			buildActionMask = 2147483647;
			files = (
				E55914D11C0EC92E00CE9102 /* MimamoroTests.m in Sources */,
			);
			runOnlyForDeploymentPostprocessing = 0;
		};
		E55914D31C0EC92E00CE9102 /* Sources */ = {
			isa = PBXSourcesBuildPhase;
			buildActionMask = 2147483647;
			files = (
				E55914DC1C0EC92E00CE9102 /* MimamoroUITests.m in Sources */,
			);
			runOnlyForDeploymentPostprocessing = 0;
		};
/* End PBXSourcesBuildPhase section */

/* Begin PBXTargetDependency section */
		E55914CE1C0EC92E00CE9102 /* PBXTargetDependency */ = {
			isa = PBXTargetDependency;
			target = E55914B21C0EC92E00CE9102 /* Mimamori */;
			targetProxy = E55914CD1C0EC92E00CE9102 /* PBXContainerItemProxy */;
		};
		E55914D91C0EC92E00CE9102 /* PBXTargetDependency */ = {
			isa = PBXTargetDependency;
			target = E55914B21C0EC92E00CE9102 /* Mimamori */;
			targetProxy = E55914D81C0EC92E00CE9102 /* PBXContainerItemProxy */;
		};
/* End PBXTargetDependency section */

/* Begin PBXVariantGroup section */
		E55914BF1C0EC92E00CE9102 /* Main.storyboard */ = {
			isa = PBXVariantGroup;
			children = (
				E55914C01C0EC92E00CE9102 /* Base */,
			);
			name = Main.storyboard;
			sourceTree = "<group>";
		};
		E55914C41C0EC92E00CE9102 /* LaunchScreen.storyboard */ = {
			isa = PBXVariantGroup;
			children = (
				E55914C51C0EC92E00CE9102 /* Base */,
			);
			name = LaunchScreen.storyboard;
			sourceTree = "<group>";
		};
/* End PBXVariantGroup section */

/* Begin XCBuildConfiguration section */
		E55914DE1C0EC92E00CE9102 /* Debug */ = {
			isa = XCBuildConfiguration;
			buildSettings = {
				ALWAYS_SEARCH_USER_PATHS = NO;
				CLANG_CXX_LANGUAGE_STANDARD = "gnu++0x";
				CLANG_CXX_LIBRARY = "libc++";
				CLANG_ENABLE_MODULES = YES;
				CLANG_ENABLE_OBJC_ARC = YES;
				CLANG_WARN_BOOL_CONVERSION = YES;
				CLANG_WARN_CONSTANT_CONVERSION = YES;
				CLANG_WARN_DIRECT_OBJC_ISA_USAGE = YES_ERROR;
				CLANG_WARN_EMPTY_BODY = YES;
				CLANG_WARN_ENUM_CONVERSION = YES;
				CLANG_WARN_INT_CONVERSION = YES;
				CLANG_WARN_OBJC_ROOT_CLASS = YES_ERROR;
				CLANG_WARN_UNREACHABLE_CODE = YES;
				CLANG_WARN__DUPLICATE_METHOD_MATCH = YES;
				"CODE_SIGN_IDENTITY[sdk=iphoneos*]" = "iPhone Developer";
				COPY_PHASE_STRIP = NO;
				DEBUG_INFORMATION_FORMAT = dwarf;
				ENABLE_STRICT_OBJC_MSGSEND = YES;
				ENABLE_TESTABILITY = YES;
				GCC_C_LANGUAGE_STANDARD = gnu99;
				GCC_DYNAMIC_NO_PIC = NO;
				GCC_NO_COMMON_BLOCKS = YES;
				GCC_OPTIMIZATION_LEVEL = 0;
				GCC_PREPROCESSOR_DEFINITIONS = (
					"DEBUG=1",
					"$(inherited)",
				);
				GCC_WARN_64_TO_32_BIT_CONVERSION = YES;
				GCC_WARN_ABOUT_RETURN_TYPE = YES_ERROR;
				GCC_WARN_UNDECLARED_SELECTOR = YES;
				GCC_WARN_UNINITIALIZED_AUTOS = YES_AGGRESSIVE;
				GCC_WARN_UNUSED_FUNCTION = YES;
				GCC_WARN_UNUSED_VARIABLE = YES;
				IPHONEOS_DEPLOYMENT_TARGET = 9.1;
				MTL_ENABLE_DEBUG_INFO = YES;
				ONLY_ACTIVE_ARCH = YES;
				SDKROOT = iphoneos;
			};
			name = Debug;
		};
		E55914DF1C0EC92E00CE9102 /* Release */ = {
			isa = XCBuildConfiguration;
			buildSettings = {
				ALWAYS_SEARCH_USER_PATHS = NO;
				CLANG_CXX_LANGUAGE_STANDARD = "gnu++0x";
				CLANG_CXX_LIBRARY = "libc++";
				CLANG_ENABLE_MODULES = YES;
				CLANG_ENABLE_OBJC_ARC = YES;
				CLANG_WARN_BOOL_CONVERSION = YES;
				CLANG_WARN_CONSTANT_CONVERSION = YES;
				CLANG_WARN_DIRECT_OBJC_ISA_USAGE = YES_ERROR;
				CLANG_WARN_EMPTY_BODY = YES;
				CLANG_WARN_ENUM_CONVERSION = YES;
				CLANG_WARN_INT_CONVERSION = YES;
				CLANG_WARN_OBJC_ROOT_CLASS = YES_ERROR;
				CLANG_WARN_UNREACHABLE_CODE = YES;
				CLANG_WARN__DUPLICATE_METHOD_MATCH = YES;
				"CODE_SIGN_IDENTITY[sdk=iphoneos*]" = "iPhone Developer";
				COPY_PHASE_STRIP = NO;
				DEBUG_INFORMATION_FORMAT = "dwarf-with-dsym";
				ENABLE_NS_ASSERTIONS = NO;
				ENABLE_STRICT_OBJC_MSGSEND = YES;
				GCC_C_LANGUAGE_STANDARD = gnu99;
				GCC_NO_COMMON_BLOCKS = YES;
				GCC_WARN_64_TO_32_BIT_CONVERSION = YES;
				GCC_WARN_ABOUT_RETURN_TYPE = YES_ERROR;
				GCC_WARN_UNDECLARED_SELECTOR = YES;
				GCC_WARN_UNINITIALIZED_AUTOS = YES_AGGRESSIVE;
				GCC_WARN_UNUSED_FUNCTION = YES;
				GCC_WARN_UNUSED_VARIABLE = YES;
				IPHONEOS_DEPLOYMENT_TARGET = 9.1;
				MTL_ENABLE_DEBUG_INFO = NO;
				SDKROOT = iphoneos;
				VALIDATE_PRODUCT = YES;
			};
			name = Release;
		};
		E55914E11C0EC92E00CE9102 /* Debug */ = {
			isa = XCBuildConfiguration;
			buildSettings = {
				ASSETCATALOG_COMPILER_APPICON_NAME = AppIcon;
				INFOPLIST_FILE = Mimamoro/Info.plist;
				LD_RUNPATH_SEARCH_PATHS = "$(inherited) @executable_path/Frameworks";
				PRODUCT_BUNDLE_IDENTIFIER = com.totyu.Mimamori;
				PRODUCT_NAME = "$(TARGET_NAME)";
			};
			name = Debug;
		};
		E55914E21C0EC92E00CE9102 /* Release */ = {
			isa = XCBuildConfiguration;
			buildSettings = {
				ASSETCATALOG_COMPILER_APPICON_NAME = AppIcon;
				INFOPLIST_FILE = Mimamoro/Info.plist;
				LD_RUNPATH_SEARCH_PATHS = "$(inherited) @executable_path/Frameworks";
				PRODUCT_BUNDLE_IDENTIFIER = com.totyu.Mimamori;
				PRODUCT_NAME = "$(TARGET_NAME)";
			};
			name = Release;
		};
		E55914E41C0EC92E00CE9102 /* Debug */ = {
			isa = XCBuildConfiguration;
			buildSettings = {
				BUNDLE_LOADER = "$(TEST_HOST)";
				INFOPLIST_FILE = MimamoroTests/Info.plist;
				LD_RUNPATH_SEARCH_PATHS = "$(inherited) @executable_path/Frameworks @loader_path/Frameworks";
				PRODUCT_BUNDLE_IDENTIFIER = com.totyu.MimamoroTests;
				PRODUCT_NAME = "$(TARGET_NAME)";
				TEST_HOST = "$(BUILT_PRODUCTS_DIR)/Mimamoro.app/Mimamoro";
			};
			name = Debug;
		};
		E55914E51C0EC92E00CE9102 /* Release */ = {
			isa = XCBuildConfiguration;
			buildSettings = {
				BUNDLE_LOADER = "$(TEST_HOST)";
				INFOPLIST_FILE = MimamoroTests/Info.plist;
				LD_RUNPATH_SEARCH_PATHS = "$(inherited) @executable_path/Frameworks @loader_path/Frameworks";
				PRODUCT_BUNDLE_IDENTIFIER = com.totyu.MimamoroTests;
				PRODUCT_NAME = "$(TARGET_NAME)";
				TEST_HOST = "$(BUILT_PRODUCTS_DIR)/Mimamoro.app/Mimamoro";
			};
			name = Release;
		};
		E55914E71C0EC92E00CE9102 /* Debug */ = {
			isa = XCBuildConfiguration;
			buildSettings = {
				INFOPLIST_FILE = MimamoroUITests/Info.plist;
				LD_RUNPATH_SEARCH_PATHS = "$(inherited) @executable_path/Frameworks @loader_path/Frameworks";
				PRODUCT_BUNDLE_IDENTIFIER = com.totyu.MimamoroUITests;
				PRODUCT_NAME = "$(TARGET_NAME)";
				TEST_TARGET_NAME = Mimamoro;
				USES_XCTRUNNER = YES;
			};
			name = Debug;
		};
		E55914E81C0EC92E00CE9102 /* Release */ = {
			isa = XCBuildConfiguration;
			buildSettings = {
				INFOPLIST_FILE = MimamoroUITests/Info.plist;
				LD_RUNPATH_SEARCH_PATHS = "$(inherited) @executable_path/Frameworks @loader_path/Frameworks";
				PRODUCT_BUNDLE_IDENTIFIER = com.totyu.MimamoroUITests;
				PRODUCT_NAME = "$(TARGET_NAME)";
				TEST_TARGET_NAME = Mimamoro;
				USES_XCTRUNNER = YES;
			};
			name = Release;
		};
/* End XCBuildConfiguration section */

/* Begin XCConfigurationList section */
		E55914AE1C0EC92E00CE9102 /* Build configuration list for PBXProject "Mimamoro" */ = {
			isa = XCConfigurationList;
			buildConfigurations = (
				E55914DE1C0EC92E00CE9102 /* Debug */,
				E55914DF1C0EC92E00CE9102 /* Release */,
			);
			defaultConfigurationIsVisible = 0;
			defaultConfigurationName = Release;
		};
		E55914E01C0EC92E00CE9102 /* Build configuration list for PBXNativeTarget "Mimamori" */ = {
			isa = XCConfigurationList;
			buildConfigurations = (
				E55914E11C0EC92E00CE9102 /* Debug */,
				E55914E21C0EC92E00CE9102 /* Release */,
			);
			defaultConfigurationIsVisible = 0;
			defaultConfigurationName = Release;
		};
		E55914E31C0EC92E00CE9102 /* Build configuration list for PBXNativeTarget "MimamoroTests" */ = {
			isa = XCConfigurationList;
			buildConfigurations = (
				E55914E41C0EC92E00CE9102 /* Debug */,
				E55914E51C0EC92E00CE9102 /* Release */,
			);
			defaultConfigurationIsVisible = 0;
			defaultConfigurationName = Release;
		};
		E55914E61C0EC92E00CE9102 /* Build configuration list for PBXNativeTarget "MimamoroUITests" */ = {
			isa = XCConfigurationList;
			buildConfigurations = (
				E55914E71C0EC92E00CE9102 /* Debug */,
				E55914E81C0EC92E00CE9102 /* Release */,
			);
			defaultConfigurationIsVisible = 0;
			defaultConfigurationName = Release;
		};
/* End XCConfigurationList section */
	};
	rootObject = E55914AB1C0EC92E00CE9102 /* Project object */;
}
