// !$*UTF8*$!
{
	archiveVersion = 1;
	classes = {
	};
	objectVersion = 46;
	objects = {

/* Begin PBXBuildFile section */
		1818AAB71C182A6B000D0A6A /* ABFillButton.m in Sources */ = {isa = PBXBuildFile; fileRef = 1818AAB61C182A6B000D0A6A /* ABFillButton.m */; };
		1818AACC1C1843F8000D0A6A /* EmergencyCollectionViewCell.m in Sources */ = {isa = PBXBuildFile; fileRef = 1818AACB1C1843F8000D0A6A /* EmergencyCollectionViewCell.m */; };
		1818AACF1C184A83000D0A6A /* worryCollectionViewCell.m in Sources */ = {isa = PBXBuildFile; fileRef = 1818AACE1C184A83000D0A6A /* worryCollectionViewCell.m */; };
		1839A5C41C0FDD38008B4ADA /* ContactTableViewController.m in Sources */ = {isa = PBXBuildFile; fileRef = 1839A5C31C0FDD38008B4ADA /* ContactTableViewController.m */; };
		1839A5D01C0FDEA6008B4ADA /* ContactsUI.framework in Frameworks */ = {isa = PBXBuildFile; fileRef = 1839A5CF1C0FDEA6008B4ADA /* ContactsUI.framework */; };
		1839A5D21C0FDEB2008B4ADA /* Contacts.framework in Frameworks */ = {isa = PBXBuildFile; fileRef = 1839A5D11C0FDEB2008B4ADA /* Contacts.framework */; };
		1839A5D71C0FE4BE008B4ADA /* UIKit.framework in Frameworks */ = {isa = PBXBuildFile; fileRef = 1839A5D61C0FE4BE008B4ADA /* UIKit.framework */; settings = {ATTRIBUTES = (Required, ); }; };
		1839A5D91C0FE4DA008B4ADA /* CoreGraphics.framework in Frameworks */ = {isa = PBXBuildFile; fileRef = 1839A5D81C0FE4DA008B4ADA /* CoreGraphics.framework */; };
		1839A5E81C0FFD5A008B4ADA /* 医者.png in Resources */ = {isa = PBXBuildFile; fileRef = 1839A5DD1C0FFD5A008B4ADA /* 医者.png */; };
		1839A5E91C0FFD5A008B4ADA /* 孫娘.png in Resources */ = {isa = PBXBuildFile; fileRef = 1839A5DE1C0FFD5A008B4ADA /* 孫娘.png */; };
		1839A5EA1C0FFD5A008B4ADA /* 妻.png in Resources */ = {isa = PBXBuildFile; fileRef = 1839A5DF1C0FFD5A008B4ADA /* 妻.png */; };
		1839A5EB1C0FFD5A008B4ADA /* 夫.png in Resources */ = {isa = PBXBuildFile; fileRef = 1839A5E01C0FFD5A008B4ADA /* 夫.png */; };
		1839A5EC1C0FFD5A008B4ADA /* 看護婦.png in Resources */ = {isa = PBXBuildFile; fileRef = 1839A5E11C0FFD5A008B4ADA /* 看護婦.png */; };
		1839A5ED1C0FFD5A008B4ADA /* 親友.png in Resources */ = {isa = PBXBuildFile; fileRef = 1839A5E21C0FFD5A008B4ADA /* 親友.png */; };
		1839A5EE1C0FFD5A008B4ADA /* 孫.png in Resources */ = {isa = PBXBuildFile; fileRef = 1839A5E31C0FFD5A008B4ADA /* 孫.png */; };
		1839A5EF1C0FFD5A008B4ADA /* 息子.png in Resources */ = {isa = PBXBuildFile; fileRef = 1839A5E41C0FFD5A008B4ADA /* 息子.png */; };
		1839A5F01C0FFD5A008B4ADA /* 嫁.png in Resources */ = {isa = PBXBuildFile; fileRef = 1839A5E51C0FFD5A008B4ADA /* 嫁.png */; };
		1839A5F11C0FFD5A008B4ADA /* 娘.png in Resources */ = {isa = PBXBuildFile; fileRef = 1839A5E61C0FFD5A008B4ADA /* 娘.png */; };
		1839A5F21C0FFD5A008B4ADA /* 婿.png in Resources */ = {isa = PBXBuildFile; fileRef = 1839A5E71C0FFD5A008B4ADA /* 婿.png */; };
		185E98131C1817DE008732C2 /* EmergencyViewController.m in Sources */ = {isa = PBXBuildFile; fileRef = 185E980F1C1817DE008732C2 /* EmergencyViewController.m */; };
		185E98141C1817DE008732C2 /* WorryViewController.m in Sources */ = {isa = PBXBuildFile; fileRef = 185E98101C1817DE008732C2 /* WorryViewController.m */; };
		1863C4011C17CB6700E28A7B /* other444.png in Resources */ = {isa = PBXBuildFile; fileRef = 1863C3F61C17CB6700E28A7B /* other444.png */; };
		1863C4021C17CB6700E28A7B /* other555.png in Resources */ = {isa = PBXBuildFile; fileRef = 1863C3F71C17CB6700E28A7B /* other555.png */; };
		1863C4031C17CB6700E28A7B /* other1200.png in Resources */ = {isa = PBXBuildFile; fileRef = 1863C3F81C17CB6700E28A7B /* other1200.png */; };
		1863C4041C17CB6700E28A7B /* other333.png in Resources */ = {isa = PBXBuildFile; fileRef = 1863C3F91C17CB6700E28A7B /* other333.png */; };
		1863C4051C17CB6700E28A7B /* other999.png in Resources */ = {isa = PBXBuildFile; fileRef = 1863C3FA1C17CB6700E28A7B /* other999.png */; };
		1863C4061C17CB6700E28A7B /* other777.png in Resources */ = {isa = PBXBuildFile; fileRef = 1863C3FB1C17CB6700E28A7B /* other777.png */; };
		1863C4071C17CB6700E28A7B /* other222.png in Resources */ = {isa = PBXBuildFile; fileRef = 1863C3FC1C17CB6700E28A7B /* other222.png */; };
		1863C4081C17CB6700E28A7B /* other1100.png in Resources */ = {isa = PBXBuildFile; fileRef = 1863C3FD1C17CB6700E28A7B /* other1100.png */; };
		1863C4091C17CB6700E28A7B /* other1000.png in Resources */ = {isa = PBXBuildFile; fileRef = 1863C3FE1C17CB6700E28A7B /* other1000.png */; };
		1863C40A1C17CB6700E28A7B /* other1300.png in Resources */ = {isa = PBXBuildFile; fileRef = 1863C3FF1C17CB6700E28A7B /* other1300.png */; };
		1863C40B1C17CB6700E28A7B /* other888.png in Resources */ = {isa = PBXBuildFile; fileRef = 1863C4001C17CB6700E28A7B /* other888.png */; };
		1863C40D1C17CBD200E28A7B /* other111.png in Resources */ = {isa = PBXBuildFile; fileRef = 1863C40C1C17CBD200E28A7B /* other111.png */; };
		1863C4101C17D19900E28A7B /* softDetailsViewController.m in Sources */ = {isa = PBXBuildFile; fileRef = 1863C40F1C17D19900E28A7B /* softDetailsViewController.m */; };
		1863C4131C17E75F00E28A7B /* ContactTableViewCell.m in Sources */ = {isa = PBXBuildFile; fileRef = 1863C4121C17E75F00E28A7B /* ContactTableViewCell.m */; };
		1863C4171C17ED7000E28A7B /* emerWorr.png in Resources */ = {isa = PBXBuildFile; fileRef = 1863C4141C17ED7000E28A7B /* emerWorr.png */; };
		1863C4181C17ED7000E28A7B /* worr.png in Resources */ = {isa = PBXBuildFile; fileRef = 1863C4151C17ED7000E28A7B /* worr.png */; };
		1863C4191C17ED7000E28A7B /* emer.png in Resources */ = {isa = PBXBuildFile; fileRef = 1863C4161C17ED7000E28A7B /* emer.png */; };
		1863C4371C180D8700E28A7B /* libMailCore-ios.a in Frameworks */ = {isa = PBXBuildFile; fileRef = 1863C42A1C180D5200E28A7B /* libMailCore-ios.a */; };
		1863C4391C180DA100E28A7B /* CFNetwork.framework in Frameworks */ = {isa = PBXBuildFile; fileRef = 1863C4381C180DA100E28A7B /* CFNetwork.framework */; };
		1863C43B1C180DC100E28A7B /* Security.framework in Frameworks */ = {isa = PBXBuildFile; fileRef = 1863C43A1C180DC100E28A7B /* Security.framework */; };
		187980931C16B70400241111 /* Main.storyboard in Resources */ = {isa = PBXBuildFile; fileRef = 187980911C16B70400241111 /* Main.storyboard */; };
		187980991C16C0C600241111 /* editOtherCollectionViewCell.m in Sources */ = {isa = PBXBuildFile; fileRef = 187980981C16C0C600241111 /* editOtherCollectionViewCell.m */; };
		1879809F1C16C68500241111 /* editOtherCollectionViewController.m in Sources */ = {isa = PBXBuildFile; fileRef = 1879809E1C16C68500241111 /* editOtherCollectionViewController.m */; };
		187980B21C16C73100241111 /* other9.png in Resources */ = {isa = PBXBuildFile; fileRef = 187980A71C16C73100241111 /* other9.png */; };
		187980B71C16D0E900241111 /* edit.png in Resources */ = {isa = PBXBuildFile; fileRef = 187980B61C16D0E900241111 /* edit.png */; };
		187A8B921C154AB800BB1A58 /* EditContactViewController.m in Sources */ = {isa = PBXBuildFile; fileRef = 187A8B911C154AB800BB1A58 /* EditContactViewController.m */; };
		187A8B951C154B5500BB1A58 /* contactAddressModel.m in Sources */ = {isa = PBXBuildFile; fileRef = 187A8B941C154B5500BB1A58 /* contactAddressModel.m */; };
		187A8B9F1C15923F00BB1A58 /* yao.png in Resources */ = {isa = PBXBuildFile; fileRef = 187A8B9E1C15923F00BB1A58 /* yao.png */; };
		187A8BA31C15AEC200BB1A58 /* familyModel.m in Sources */ = {isa = PBXBuildFile; fileRef = 187A8BA21C15AEC200BB1A58 /* familyModel.m */; };
		187AED931C1E708400ABB30F /* ciruViewController.m in Sources */ = {isa = PBXBuildFile; fileRef = 187AED921C1E708400ABB30F /* ciruViewController.m */; };
		187AED9E1C1E7A9600ABB30F /* ciruCollectionViewCell.m in Sources */ = {isa = PBXBuildFile; fileRef = 187AED9D1C1E7A9600ABB30F /* ciruCollectionViewCell.m */; };
		187AEDA01C1E83A400ABB30F /* contacts.png in Resources */ = {isa = PBXBuildFile; fileRef = 187AED9F1C1E83A400ABB30F /* contacts.png */; };
		188CC3AA1C1123EF00950365 /* FamilyTableViewController.m in Sources */ = {isa = PBXBuildFile; fileRef = 188CC3A91C1123EF00950365 /* FamilyTableViewController.m */; };
		188CC3AD1C11279200950365 /* FamilyViewController.m in Sources */ = {isa = PBXBuildFile; fileRef = 188CC3AC1C11279200950365 /* FamilyViewController.m */; };
		1892089C1C10379300A4A0E6 /* LeafNotification.m in Sources */ = {isa = PBXBuildFile; fileRef = 1892089B1C10379300A4A0E6 /* LeafNotification.m */; };
		18F437EE1C112E5C005EFBB3 /* FamilyCollectionViewCell.m in Sources */ = {isa = PBXBuildFile; fileRef = 18F437ED1C112E5C005EFBB3 /* FamilyCollectionViewCell.m */; };
		18F437F21C116BD5005EFBB3 /* FamilyTableViewCell.m in Sources */ = {isa = PBXBuildFile; fileRef = 18F437F11C116BD5005EFBB3 /* FamilyTableViewCell.m */; };
		E55914B81C0EC92E00CE9102 /* main.m in Sources */ = {isa = PBXBuildFile; fileRef = E55914B71C0EC92E00CE9102 /* main.m */; };
		E55914BB1C0EC92E00CE9102 /* AppDelegate.m in Sources */ = {isa = PBXBuildFile; fileRef = E55914BA1C0EC92E00CE9102 /* AppDelegate.m */; };
		E55914C31C0EC92E00CE9102 /* Assets.xcassets in Resources */ = {isa = PBXBuildFile; fileRef = E55914C21C0EC92E00CE9102 /* Assets.xcassets */; };
		E55914C61C0EC92E00CE9102 /* LaunchScreen.storyboard in Resources */ = {isa = PBXBuildFile; fileRef = E55914C41C0EC92E00CE9102 /* LaunchScreen.storyboard */; };
		E55914D11C0EC92E00CE9102 /* MimamoroTests.m in Sources */ = {isa = PBXBuildFile; fileRef = E55914D01C0EC92E00CE9102 /* MimamoroTests.m */; };
		E55914DC1C0EC92E00CE9102 /* MimamoroUITests.m in Sources */ = {isa = PBXBuildFile; fileRef = E55914DB1C0EC92E00CE9102 /* MimamoroUITests.m */; };
		E55914FC1C0ED0BD00CE9102 /* OtherCollectionViewController.m in Sources */ = {isa = PBXBuildFile; fileRef = E55914FB1C0ED0BD00CE9102 /* OtherCollectionViewController.m */; };
		E55914FF1C0ED0DA00CE9102 /* ContactCollectionViewController.m in Sources */ = {isa = PBXBuildFile; fileRef = E55914FE1C0ED0DA00CE9102 /* ContactCollectionViewController.m */; };
		E55915021C0ED54C00CE9102 /* TabBarController.m in Sources */ = {isa = PBXBuildFile; fileRef = E55915011C0ED54C00CE9102 /* TabBarController.m */; };
		E55915041C0ED73A00CE9102 /* contactlist.png in Resources */ = {isa = PBXBuildFile; fileRef = E55915031C0ED73A00CE9102 /* contactlist.png */; };
		E55915061C0ED87F00CE9102 /* emergency.png in Resources */ = {isa = PBXBuildFile; fileRef = E55915051C0ED87F00CE9102 /* emergency.png */; };
		E55915081C0ED88300CE9102 /* worry.png in Resources */ = {isa = PBXBuildFile; fileRef = E55915071C0ED88300CE9102 /* worry.png */; };
		E559150A1C0ED88600CE9102 /* setting.png in Resources */ = {isa = PBXBuildFile; fileRef = E55915091C0ED88600CE9102 /* setting.png */; };
		E559150C1C0ED99000CE9102 /* contactlist-0.png in Resources */ = {isa = PBXBuildFile; fileRef = E559150B1C0ED99000CE9102 /* contactlist-0.png */; };
		E559150E1C0ED99400CE9102 /* emergency-0.png in Resources */ = {isa = PBXBuildFile; fileRef = E559150D1C0ED99400CE9102 /* emergency-0.png */; };
		E55915101C0ED99700CE9102 /* worry-0.png in Resources */ = {isa = PBXBuildFile; fileRef = E559150F1C0ED99700CE9102 /* worry-0.png */; };
		E55915121C0ED99B00CE9102 /* setting-0.png in Resources */ = {isa = PBXBuildFile; fileRef = E55915111C0ED99B00CE9102 /* setting-0.png */; };
		E55915151C0EDD5B00CE9102 /* emergencybtn.png in Resources */ = {isa = PBXBuildFile; fileRef = E55915141C0EDD5B00CE9102 /* emergencybtn.png */; };
		E55915171C0EDD5E00CE9102 /* worrybtn.png in Resources */ = {isa = PBXBuildFile; fileRef = E55915161C0EDD5E00CE9102 /* worrybtn.png */; };
		E559151B1C0EE45800CE9102 /* ContactCollectionViewCell.m in Sources */ = {isa = PBXBuildFile; fileRef = E559151A1C0EE45800CE9102 /* ContactCollectionViewCell.m */; };
		E559151E1C0EE47900CE9102 /* SettingCollectionViewCell.m in Sources */ = {isa = PBXBuildFile; fileRef = E559151D1C0EE47900CE9102 /* SettingCollectionViewCell.m */; };
		E55915201C0EE65000CE9102 /* settingimage.png in Resources */ = {isa = PBXBuildFile; fileRef = E559151F1C0EE65000CE9102 /* settingimage.png */; };
		E55915221C0EE6CA00CE9102 /* lightimage.png in Resources */ = {isa = PBXBuildFile; fileRef = E55915211C0EE6CA00CE9102 /* lightimage.png */; };
		E55915241C0EE6CE00CE9102 /* homeimage.png in Resources */ = {isa = PBXBuildFile; fileRef = E55915231C0EE6CE00CE9102 /* homeimage.png */; };
		E55915261C0EEB9200CE9102 /* plusimage.png in Resources */ = {isa = PBXBuildFile; fileRef = E55915251C0EEB9200CE9102 /* plusimage.png */; };
		E559152C1C0EECF700CE9102 /* userprofile.png in Resources */ = {isa = PBXBuildFile; fileRef = E559152B1C0EECF700CE9102 /* userprofile.png */; };
		E559152E1C0EED0200CE9102 /* takelist.png in Resources */ = {isa = PBXBuildFile; fileRef = E559152D1C0EED0200CE9102 /* takelist.png */; };
		E55915301C0EED3200CE9102 /* personaldata.png in Resources */ = {isa = PBXBuildFile; fileRef = E559152F1C0EED3200CE9102 /* personaldata.png */; };
		E55915331C0EEE6B00CE9102 /* EditProfileTableViewController.m in Sources */ = {isa = PBXBuildFile; fileRef = E55915321C0EEE6B00CE9102 /* EditProfileTableViewController.m */; };
		E55915361C0EEEA000CE9102 /* ProfileTableViewController.m in Sources */ = {isa = PBXBuildFile; fileRef = E55915351C0EEEA000CE9102 /* ProfileTableViewController.m */; };
		E55915391C0EF04900CE9102 /* SettingTableViewController.m in Sources */ = {isa = PBXBuildFile; fileRef = E55915381C0EF04900CE9102 /* SettingTableViewController.m */; };
		E559153D1C0EF07400CE9102 /* UserProfileModel.m in Sources */ = {isa = PBXBuildFile; fileRef = E559153C1C0EF07400CE9102 /* UserProfileModel.m */; };
		E55915401C0EF20B00CE9102 /* ListTableViewController.m in Sources */ = {isa = PBXBuildFile; fileRef = E559153F1C0EF20B00CE9102 /* ListTableViewController.m */; };
		E55915431C0EF21200CE9102 /* PersonalDataTableViewController.m in Sources */ = {isa = PBXBuildFile; fileRef = E55915421C0EF21200CE9102 /* PersonalDataTableViewController.m */; };
		E55915461C0EF22400CE9102 /* EditListViewController.m in Sources */ = {isa = PBXBuildFile; fileRef = E55915451C0EF22400CE9102 /* EditListViewController.m */; };
		E559154B1C0EF23700CE9102 /* EditKennkoTableViewController.m in Sources */ = {isa = PBXBuildFile; fileRef = E55915481C0EF23700CE9102 /* EditKennkoTableViewController.m */; };
		E559154C1C0EF23700CE9102 /* EditKusiriTableViewController.m in Sources */ = {isa = PBXBuildFile; fileRef = E559154A1C0EF23700CE9102 /* EditKusiriTableViewController.m */; };
		E55915511C0EF4AE00CE9102 /* KennkoModel.m in Sources */ = {isa = PBXBuildFile; fileRef = E559154E1C0EF4AE00CE9102 /* KennkoModel.m */; };
		E55915521C0EF4AE00CE9102 /* KusuriModel.m in Sources */ = {isa = PBXBuildFile; fileRef = E55915501C0EF4AE00CE9102 /* KusuriModel.m */; };
		E55915551C0EF4B600CE9102 /* ListModel.m in Sources */ = {isa = PBXBuildFile; fileRef = E55915541C0EF4B600CE9102 /* ListModel.m */; };
/* End PBXBuildFile section */

/* Begin PBXContainerItemProxy section */
		1863C4271C180D5200E28A7B /* PBXContainerItemProxy */ = {
			isa = PBXContainerItemProxy;
			containerPortal = 1863C41C1C180D5200E28A7B /* mailcore2.xcodeproj */;
			proxyType = 2;
			remoteGlobalIDString = C64EA537169E772200778456;
			remoteInfo = "static mailcore2 osx";
		};
		1863C4291C180D5200E28A7B /* PBXContainerItemProxy */ = {
			isa = PBXContainerItemProxy;
			containerPortal = 1863C41C1C180D5200E28A7B /* mailcore2.xcodeproj */;
			proxyType = 2;
			remoteGlobalIDString = C6BA2C191705F4E6003F0E9E;
			remoteInfo = "static mailcore2 ios";
		};
		1863C42B1C180D5200E28A7B /* PBXContainerItemProxy */ = {
			isa = PBXContainerItemProxy;
			containerPortal = 1863C41C1C180D5200E28A7B /* mailcore2.xcodeproj */;
			proxyType = 2;
			remoteGlobalIDString = C64EA78C169F259200778456;
			remoteInfo = tests;
		};
		1863C42D1C180D5200E28A7B /* PBXContainerItemProxy */ = {
			isa = PBXContainerItemProxy;
			containerPortal = 1863C41C1C180D5200E28A7B /* mailcore2.xcodeproj */;
			proxyType = 2;
			remoteGlobalIDString = C6A81B911706840C00882C15;
			remoteInfo = "test-ios";
		};
		1863C42F1C180D5200E28A7B /* PBXContainerItemProxy */ = {
			isa = PBXContainerItemProxy;
			containerPortal = 1863C41C1C180D5200E28A7B /* mailcore2.xcodeproj */;
			proxyType = 2;
			remoteGlobalIDString = C6BD288D170BD71100A91AC1;
			remoteInfo = "mailcore osx";
		};
		1863C4311C180D5200E28A7B /* PBXContainerItemProxy */ = {
			isa = PBXContainerItemProxy;
			containerPortal = 1863C41C1C180D5200E28A7B /* mailcore2.xcodeproj */;
			proxyType = 2;
			remoteGlobalIDString = 27780C3A19CF9CD100C77E44;
			remoteInfo = "mailcore ios";
		};
		1863C4331C180D5200E28A7B /* PBXContainerItemProxy */ = {
			isa = PBXContainerItemProxy;
			containerPortal = 1863C41C1C180D5200E28A7B /* mailcore2.xcodeproj */;
			proxyType = 2;
			remoteGlobalIDString = C6B5AE0219F630B3001352A6;
			remoteInfo = unittest;
		};
		1863C4351C180D5200E28A7B /* PBXContainerItemProxy */ = {
			isa = PBXContainerItemProxy;
			containerPortal = 1863C41C1C180D5200E28A7B /* mailcore2.xcodeproj */;
			proxyType = 2;
			remoteGlobalIDString = C600B6141A242C3F000728F1;
			remoteInfo = unittestcpp;
		};
		E55914CD1C0EC92E00CE9102 /* PBXContainerItemProxy */ = {
			isa = PBXContainerItemProxy;
			containerPortal = E55914AB1C0EC92E00CE9102 /* Project object */;
			proxyType = 1;
			remoteGlobalIDString = E55914B21C0EC92E00CE9102;
			remoteInfo = Mimamoro;
		};
		E55914D81C0EC92E00CE9102 /* PBXContainerItemProxy */ = {
			isa = PBXContainerItemProxy;
			containerPortal = E55914AB1C0EC92E00CE9102 /* Project object */;
			proxyType = 1;
			remoteGlobalIDString = E55914B21C0EC92E00CE9102;
			remoteInfo = Mimamoro;
		};
/* End PBXContainerItemProxy section */

/* Begin PBXFileReference section */
		1818AAB51C182A6B000D0A6A /* ABFillButton.h */ = {isa = PBXFileReference; fileEncoding = 4; lastKnownFileType = sourcecode.c.h; path = ABFillButton.h; sourceTree = "<group>"; };
		1818AAB61C182A6B000D0A6A /* ABFillButton.m */ = {isa = PBXFileReference; fileEncoding = 4; lastKnownFileType = sourcecode.c.objc; path = ABFillButton.m; sourceTree = "<group>"; };
		1818AAC01C182BC4000D0A6A /* ABFillButtonExample-Prefix.pch */ = {isa = PBXFileReference; lastKnownFileType = sourcecode.c.h; path = "ABFillButtonExample-Prefix.pch"; sourceTree = "<group>"; };
		1818AACA1C1843F8000D0A6A /* EmergencyCollectionViewCell.h */ = {isa = PBXFileReference; fileEncoding = 4; lastKnownFileType = sourcecode.c.h; path = EmergencyCollectionViewCell.h; sourceTree = "<group>"; };
		1818AACB1C1843F8000D0A6A /* EmergencyCollectionViewCell.m */ = {isa = PBXFileReference; fileEncoding = 4; lastKnownFileType = sourcecode.c.objc; path = EmergencyCollectionViewCell.m; sourceTree = "<group>"; };
		1818AACD1C184A83000D0A6A /* worryCollectionViewCell.h */ = {isa = PBXFileReference; fileEncoding = 4; lastKnownFileType = sourcecode.c.h; path = worryCollectionViewCell.h; sourceTree = "<group>"; };
		1818AACE1C184A83000D0A6A /* worryCollectionViewCell.m */ = {isa = PBXFileReference; fileEncoding = 4; lastKnownFileType = sourcecode.c.objc; path = worryCollectionViewCell.m; sourceTree = "<group>"; };
		1839A5C21C0FDD38008B4ADA /* ContactTableViewController.h */ = {isa = PBXFileReference; fileEncoding = 4; lastKnownFileType = sourcecode.c.h; path = ContactTableViewController.h; sourceTree = "<group>"; };
		1839A5C31C0FDD38008B4ADA /* ContactTableViewController.m */ = {isa = PBXFileReference; fileEncoding = 4; lastKnownFileType = sourcecode.c.objc; path = ContactTableViewController.m; sourceTree = "<group>"; };
		1839A5C51C0FDD93008B4ADA /* EditContactViewController.h */ = {isa = PBXFileReference; fileEncoding = 4; lastKnownFileType = sourcecode.c.h; path = EditContactViewController.h; sourceTree = "<group>"; };
		1839A5CF1C0FDEA6008B4ADA /* ContactsUI.framework */ = {isa = PBXFileReference; lastKnownFileType = wrapper.framework; name = ContactsUI.framework; path = System/Library/Frameworks/ContactsUI.framework; sourceTree = SDKROOT; };
		1839A5D11C0FDEB2008B4ADA /* Contacts.framework */ = {isa = PBXFileReference; lastKnownFileType = wrapper.framework; name = Contacts.framework; path = System/Library/Frameworks/Contacts.framework; sourceTree = SDKROOT; };
		1839A5D61C0FE4BE008B4ADA /* UIKit.framework */ = {isa = PBXFileReference; lastKnownFileType = wrapper.framework; name = UIKit.framework; path = System/Library/Frameworks/UIKit.framework; sourceTree = SDKROOT; };
		1839A5D81C0FE4DA008B4ADA /* CoreGraphics.framework */ = {isa = PBXFileReference; lastKnownFileType = wrapper.framework; name = CoreGraphics.framework; path = System/Library/Frameworks/CoreGraphics.framework; sourceTree = SDKROOT; };
		1839A5DD1C0FFD5A008B4ADA /* 医者.png */ = {isa = PBXFileReference; lastKnownFileType = image.png; path = "医者.png"; sourceTree = "<group>"; };
		1839A5DE1C0FFD5A008B4ADA /* 孫娘.png */ = {isa = PBXFileReference; lastKnownFileType = image.png; path = "孫娘.png"; sourceTree = "<group>"; };
		1839A5DF1C0FFD5A008B4ADA /* 妻.png */ = {isa = PBXFileReference; lastKnownFileType = image.png; path = "妻.png"; sourceTree = "<group>"; };
		1839A5E01C0FFD5A008B4ADA /* 夫.png */ = {isa = PBXFileReference; lastKnownFileType = image.png; path = "夫.png"; sourceTree = "<group>"; };
		1839A5E11C0FFD5A008B4ADA /* 看護婦.png */ = {isa = PBXFileReference; lastKnownFileType = image.png; path = "看護婦.png"; sourceTree = "<group>"; };
		1839A5E21C0FFD5A008B4ADA /* 親友.png */ = {isa = PBXFileReference; lastKnownFileType = image.png; path = "親友.png"; sourceTree = "<group>"; };
		1839A5E31C0FFD5A008B4ADA /* 孫.png */ = {isa = PBXFileReference; lastKnownFileType = image.png; path = "孫.png"; sourceTree = "<group>"; };
		1839A5E41C0FFD5A008B4ADA /* 息子.png */ = {isa = PBXFileReference; lastKnownFileType = image.png; path = "息子.png"; sourceTree = "<group>"; };
		1839A5E51C0FFD5A008B4ADA /* 嫁.png */ = {isa = PBXFileReference; lastKnownFileType = image.png; path = "嫁.png"; sourceTree = "<group>"; };
		1839A5E61C0FFD5A008B4ADA /* 娘.png */ = {isa = PBXFileReference; lastKnownFileType = image.png; path = "娘.png"; sourceTree = "<group>"; };
		1839A5E71C0FFD5A008B4ADA /* 婿.png */ = {isa = PBXFileReference; lastKnownFileType = image.png; path = "婿.png"; sourceTree = "<group>"; };
		185E980F1C1817DE008732C2 /* EmergencyViewController.m */ = {isa = PBXFileReference; fileEncoding = 4; lastKnownFileType = sourcecode.c.objc; path = EmergencyViewController.m; sourceTree = "<group>"; };
		185E98101C1817DE008732C2 /* WorryViewController.m */ = {isa = PBXFileReference; fileEncoding = 4; lastKnownFileType = sourcecode.c.objc; path = WorryViewController.m; sourceTree = "<group>"; };
		185E98111C1817DE008732C2 /* EmergencyViewController.h */ = {isa = PBXFileReference; fileEncoding = 4; lastKnownFileType = sourcecode.c.h; path = EmergencyViewController.h; sourceTree = "<group>"; };
		185E98121C1817DE008732C2 /* WorryViewController.h */ = {isa = PBXFileReference; fileEncoding = 4; lastKnownFileType = sourcecode.c.h; path = WorryViewController.h; sourceTree = "<group>"; };
		1863C3F61C17CB6700E28A7B /* other444.png */ = {isa = PBXFileReference; lastKnownFileType = image.png; path = other444.png; sourceTree = "<group>"; };
		1863C3F71C17CB6700E28A7B /* other555.png */ = {isa = PBXFileReference; lastKnownFileType = image.png; path = other555.png; sourceTree = "<group>"; };
		1863C3F81C17CB6700E28A7B /* other1200.png */ = {isa = PBXFileReference; lastKnownFileType = image.png; path = other1200.png; sourceTree = "<group>"; };
		1863C3F91C17CB6700E28A7B /* other333.png */ = {isa = PBXFileReference; lastKnownFileType = image.png; path = other333.png; sourceTree = "<group>"; };
		1863C3FA1C17CB6700E28A7B /* other999.png */ = {isa = PBXFileReference; lastKnownFileType = image.png; path = other999.png; sourceTree = "<group>"; };
		1863C3FB1C17CB6700E28A7B /* other777.png */ = {isa = PBXFileReference; lastKnownFileType = image.png; path = other777.png; sourceTree = "<group>"; };
		1863C3FC1C17CB6700E28A7B /* other222.png */ = {isa = PBXFileReference; lastKnownFileType = image.png; path = other222.png; sourceTree = "<group>"; };
		1863C3FD1C17CB6700E28A7B /* other1100.png */ = {isa = PBXFileReference; lastKnownFileType = image.png; path = other1100.png; sourceTree = "<group>"; };
		1863C3FE1C17CB6700E28A7B /* other1000.png */ = {isa = PBXFileReference; lastKnownFileType = image.png; path = other1000.png; sourceTree = "<group>"; };
		1863C3FF1C17CB6700E28A7B /* other1300.png */ = {isa = PBXFileReference; lastKnownFileType = image.png; path = other1300.png; sourceTree = "<group>"; };
		1863C4001C17CB6700E28A7B /* other888.png */ = {isa = PBXFileReference; lastKnownFileType = image.png; path = other888.png; sourceTree = "<group>"; };
		1863C40C1C17CBD200E28A7B /* other111.png */ = {isa = PBXFileReference; lastKnownFileType = image.png; path = other111.png; sourceTree = "<group>"; };
		1863C40E1C17D19900E28A7B /* softDetailsViewController.h */ = {isa = PBXFileReference; fileEncoding = 4; lastKnownFileType = sourcecode.c.h; path = softDetailsViewController.h; sourceTree = "<group>"; };
		1863C40F1C17D19900E28A7B /* softDetailsViewController.m */ = {isa = PBXFileReference; fileEncoding = 4; lastKnownFileType = sourcecode.c.objc; path = softDetailsViewController.m; sourceTree = "<group>"; };
		1863C4111C17E75F00E28A7B /* ContactTableViewCell.h */ = {isa = PBXFileReference; fileEncoding = 4; lastKnownFileType = sourcecode.c.h; path = ContactTableViewCell.h; sourceTree = "<group>"; };
		1863C4121C17E75F00E28A7B /* ContactTableViewCell.m */ = {isa = PBXFileReference; fileEncoding = 4; lastKnownFileType = sourcecode.c.objc; path = ContactTableViewCell.m; sourceTree = "<group>"; };
		1863C4141C17ED7000E28A7B /* emerWorr.png */ = {isa = PBXFileReference; lastKnownFileType = image.png; path = emerWorr.png; sourceTree = "<group>"; };
		1863C4151C17ED7000E28A7B /* worr.png */ = {isa = PBXFileReference; lastKnownFileType = image.png; path = worr.png; sourceTree = "<group>"; };
		1863C4161C17ED7000E28A7B /* emer.png */ = {isa = PBXFileReference; lastKnownFileType = image.png; path = emer.png; sourceTree = "<group>"; };
		1863C41C1C180D5200E28A7B /* mailcore2.xcodeproj */ = {isa = PBXFileReference; lastKnownFileType = "wrapper.pb-project"; name = mailcore2.xcodeproj; path = "mailcore2-master/build-mac/mailcore2.xcodeproj"; sourceTree = "<group>"; };
		1863C4381C180DA100E28A7B /* CFNetwork.framework */ = {isa = PBXFileReference; lastKnownFileType = wrapper.framework; name = CFNetwork.framework; path = System/Library/Frameworks/CFNetwork.framework; sourceTree = SDKROOT; };
		1863C43A1C180DC100E28A7B /* Security.framework */ = {isa = PBXFileReference; lastKnownFileType = wrapper.framework; name = Security.framework; path = System/Library/Frameworks/Security.framework; sourceTree = SDKROOT; };
		187980921C16B70400241111 /* Base */ = {isa = PBXFileReference; lastKnownFileType = file.storyboard; name = Base; path = Base.lproj/Main.storyboard; sourceTree = "<group>"; };
		187980971C16C0C600241111 /* editOtherCollectionViewCell.h */ = {isa = PBXFileReference; fileEncoding = 4; lastKnownFileType = sourcecode.c.h; path = editOtherCollectionViewCell.h; sourceTree = "<group>"; };
		187980981C16C0C600241111 /* editOtherCollectionViewCell.m */ = {isa = PBXFileReference; fileEncoding = 4; lastKnownFileType = sourcecode.c.objc; path = editOtherCollectionViewCell.m; sourceTree = "<group>"; };
		1879809D1C16C68500241111 /* editOtherCollectionViewController.h */ = {isa = PBXFileReference; fileEncoding = 4; lastKnownFileType = sourcecode.c.h; path = editOtherCollectionViewController.h; sourceTree = "<group>"; };
		1879809E1C16C68500241111 /* editOtherCollectionViewController.m */ = {isa = PBXFileReference; fileEncoding = 4; lastKnownFileType = sourcecode.c.objc; path = editOtherCollectionViewController.m; sourceTree = "<group>"; };
		187980A71C16C73100241111 /* other9.png */ = {isa = PBXFileReference; lastKnownFileType = image.png; path = other9.png; sourceTree = "<group>"; };
		187980B61C16D0E900241111 /* edit.png */ = {isa = PBXFileReference; lastKnownFileType = image.png; path = edit.png; sourceTree = "<group>"; };
		187A8B911C154AB800BB1A58 /* EditContactViewController.m */ = {isa = PBXFileReference; fileEncoding = 4; lastKnownFileType = sourcecode.c.objc; path = EditContactViewController.m; sourceTree = "<group>"; };
		187A8B931C154B5500BB1A58 /* contactAddressModel.h */ = {isa = PBXFileReference; fileEncoding = 4; lastKnownFileType = sourcecode.c.h; path = contactAddressModel.h; sourceTree = "<group>"; };
		187A8B941C154B5500BB1A58 /* contactAddressModel.m */ = {isa = PBXFileReference; fileEncoding = 4; lastKnownFileType = sourcecode.c.objc; path = contactAddressModel.m; sourceTree = "<group>"; };
		187A8B9E1C15923F00BB1A58 /* yao.png */ = {isa = PBXFileReference; lastKnownFileType = image.png; path = yao.png; sourceTree = "<group>"; };
		187A8BA11C15AEC200BB1A58 /* familyModel.h */ = {isa = PBXFileReference; fileEncoding = 4; lastKnownFileType = sourcecode.c.h; path = familyModel.h; sourceTree = "<group>"; };
		187A8BA21C15AEC200BB1A58 /* familyModel.m */ = {isa = PBXFileReference; fileEncoding = 4; lastKnownFileType = sourcecode.c.objc; path = familyModel.m; sourceTree = "<group>"; };
		187AED911C1E708400ABB30F /* ciruViewController.h */ = {isa = PBXFileReference; fileEncoding = 4; lastKnownFileType = sourcecode.c.h; path = ciruViewController.h; sourceTree = "<group>"; };
		187AED921C1E708400ABB30F /* ciruViewController.m */ = {isa = PBXFileReference; fileEncoding = 4; lastKnownFileType = sourcecode.c.objc; path = ciruViewController.m; sourceTree = "<group>"; };
		187AED9C1C1E7A9600ABB30F /* ciruCollectionViewCell.h */ = {isa = PBXFileReference; fileEncoding = 4; lastKnownFileType = sourcecode.c.h; path = ciruCollectionViewCell.h; sourceTree = "<group>"; };
		187AED9D1C1E7A9600ABB30F /* ciruCollectionViewCell.m */ = {isa = PBXFileReference; fileEncoding = 4; lastKnownFileType = sourcecode.c.objc; path = ciruCollectionViewCell.m; sourceTree = "<group>"; };
		187AED9F1C1E83A400ABB30F /* contacts.png */ = {isa = PBXFileReference; lastKnownFileType = image.png; path = contacts.png; sourceTree = "<group>"; };
		188CC3A81C1123EF00950365 /* FamilyTableViewController.h */ = {isa = PBXFileReference; fileEncoding = 4; lastKnownFileType = sourcecode.c.h; path = FamilyTableViewController.h; sourceTree = "<group>"; };
		188CC3A91C1123EF00950365 /* FamilyTableViewController.m */ = {isa = PBXFileReference; fileEncoding = 4; lastKnownFileType = sourcecode.c.objc; path = FamilyTableViewController.m; sourceTree = "<group>"; };
		188CC3AB1C11279200950365 /* FamilyViewController.h */ = {isa = PBXFileReference; fileEncoding = 4; lastKnownFileType = sourcecode.c.h; path = FamilyViewController.h; sourceTree = "<group>"; };
		188CC3AC1C11279200950365 /* FamilyViewController.m */ = {isa = PBXFileReference; fileEncoding = 4; lastKnownFileType = sourcecode.c.objc; path = FamilyViewController.m; sourceTree = "<group>"; };
		1892089A1C10379300A4A0E6 /* LeafNotification.h */ = {isa = PBXFileReference; fileEncoding = 4; lastKnownFileType = sourcecode.c.h; path = LeafNotification.h; sourceTree = "<group>"; };
		1892089B1C10379300A4A0E6 /* LeafNotification.m */ = {isa = PBXFileReference; fileEncoding = 4; lastKnownFileType = sourcecode.c.objc; path = LeafNotification.m; sourceTree = "<group>"; };
		18F437EC1C112E5C005EFBB3 /* FamilyCollectionViewCell.h */ = {isa = PBXFileReference; fileEncoding = 4; lastKnownFileType = sourcecode.c.h; path = FamilyCollectionViewCell.h; sourceTree = "<group>"; };
		18F437ED1C112E5C005EFBB3 /* FamilyCollectionViewCell.m */ = {isa = PBXFileReference; fileEncoding = 4; lastKnownFileType = sourcecode.c.objc; path = FamilyCollectionViewCell.m; sourceTree = "<group>"; };
		18F437F01C116BD5005EFBB3 /* FamilyTableViewCell.h */ = {isa = PBXFileReference; fileEncoding = 4; lastKnownFileType = sourcecode.c.h; path = FamilyTableViewCell.h; sourceTree = "<group>"; };
		18F437F11C116BD5005EFBB3 /* FamilyTableViewCell.m */ = {isa = PBXFileReference; fileEncoding = 4; lastKnownFileType = sourcecode.c.objc; path = FamilyTableViewCell.m; sourceTree = "<group>"; };
		E55914B31C0EC92E00CE9102 /* Mimamori.app */ = {isa = PBXFileReference; explicitFileType = wrapper.application; includeInIndex = 0; path = Mimamori.app; sourceTree = BUILT_PRODUCTS_DIR; };
		E55914B71C0EC92E00CE9102 /* main.m */ = {isa = PBXFileReference; lastKnownFileType = sourcecode.c.objc; path = main.m; sourceTree = "<group>"; };
		E55914B91C0EC92E00CE9102 /* AppDelegate.h */ = {isa = PBXFileReference; lastKnownFileType = sourcecode.c.h; path = AppDelegate.h; sourceTree = "<group>"; };
		E55914BA1C0EC92E00CE9102 /* AppDelegate.m */ = {isa = PBXFileReference; lastKnownFileType = sourcecode.c.objc; path = AppDelegate.m; sourceTree = "<group>"; };
		E55914C21C0EC92E00CE9102 /* Assets.xcassets */ = {isa = PBXFileReference; lastKnownFileType = folder.assetcatalog; path = Assets.xcassets; sourceTree = "<group>"; };
		E55914C51C0EC92E00CE9102 /* Base */ = {isa = PBXFileReference; lastKnownFileType = file.storyboard; name = Base; path = Base.lproj/LaunchScreen.storyboard; sourceTree = "<group>"; };
		E55914C71C0EC92E00CE9102 /* Info.plist */ = {isa = PBXFileReference; lastKnownFileType = text.plist.xml; path = Info.plist; sourceTree = "<group>"; };
		E55914CC1C0EC92E00CE9102 /* MimamoroTests.xctest */ = {isa = PBXFileReference; explicitFileType = wrapper.cfbundle; includeInIndex = 0; path = MimamoroTests.xctest; sourceTree = BUILT_PRODUCTS_DIR; };
		E55914D01C0EC92E00CE9102 /* MimamoroTests.m */ = {isa = PBXFileReference; lastKnownFileType = sourcecode.c.objc; path = MimamoroTests.m; sourceTree = "<group>"; };
		E55914D21C0EC92E00CE9102 /* Info.plist */ = {isa = PBXFileReference; lastKnownFileType = text.plist.xml; path = Info.plist; sourceTree = "<group>"; };
		E55914D71C0EC92E00CE9102 /* MimamoroUITests.xctest */ = {isa = PBXFileReference; explicitFileType = wrapper.cfbundle; includeInIndex = 0; path = MimamoroUITests.xctest; sourceTree = BUILT_PRODUCTS_DIR; };
		E55914DB1C0EC92E00CE9102 /* MimamoroUITests.m */ = {isa = PBXFileReference; lastKnownFileType = sourcecode.c.objc; path = MimamoroUITests.m; sourceTree = "<group>"; };
		E55914DD1C0EC92E00CE9102 /* Info.plist */ = {isa = PBXFileReference; lastKnownFileType = text.plist.xml; path = Info.plist; sourceTree = "<group>"; };
		E55914FA1C0ED0BD00CE9102 /* OtherCollectionViewController.h */ = {isa = PBXFileReference; fileEncoding = 4; lastKnownFileType = sourcecode.c.h; path = OtherCollectionViewController.h; sourceTree = "<group>"; };
		E55914FB1C0ED0BD00CE9102 /* OtherCollectionViewController.m */ = {isa = PBXFileReference; fileEncoding = 4; lastKnownFileType = sourcecode.c.objc; path = OtherCollectionViewController.m; sourceTree = "<group>"; };
		E55914FD1C0ED0DA00CE9102 /* ContactCollectionViewController.h */ = {isa = PBXFileReference; fileEncoding = 4; lastKnownFileType = sourcecode.c.h; path = ContactCollectionViewController.h; sourceTree = "<group>"; };
		E55914FE1C0ED0DA00CE9102 /* ContactCollectionViewController.m */ = {isa = PBXFileReference; fileEncoding = 4; lastKnownFileType = sourcecode.c.objc; path = ContactCollectionViewController.m; sourceTree = "<group>"; };
		E55915001C0ED54C00CE9102 /* TabBarController.h */ = {isa = PBXFileReference; fileEncoding = 4; lastKnownFileType = sourcecode.c.h; path = TabBarController.h; sourceTree = "<group>"; };
		E55915011C0ED54C00CE9102 /* TabBarController.m */ = {isa = PBXFileReference; fileEncoding = 4; lastKnownFileType = sourcecode.c.objc; path = TabBarController.m; sourceTree = "<group>"; };
		E55915031C0ED73A00CE9102 /* contactlist.png */ = {isa = PBXFileReference; lastKnownFileType = image.png; path = contactlist.png; sourceTree = "<group>"; };
		E55915051C0ED87F00CE9102 /* emergency.png */ = {isa = PBXFileReference; lastKnownFileType = image.png; path = emergency.png; sourceTree = "<group>"; };
		E55915071C0ED88300CE9102 /* worry.png */ = {isa = PBXFileReference; lastKnownFileType = image.png; path = worry.png; sourceTree = "<group>"; };
		E55915091C0ED88600CE9102 /* setting.png */ = {isa = PBXFileReference; lastKnownFileType = image.png; path = setting.png; sourceTree = "<group>"; };
		E559150B1C0ED99000CE9102 /* contactlist-0.png */ = {isa = PBXFileReference; lastKnownFileType = image.png; path = "contactlist-0.png"; sourceTree = "<group>"; };
		E559150D1C0ED99400CE9102 /* emergency-0.png */ = {isa = PBXFileReference; lastKnownFileType = image.png; path = "emergency-0.png"; sourceTree = "<group>"; };
		E559150F1C0ED99700CE9102 /* worry-0.png */ = {isa = PBXFileReference; lastKnownFileType = image.png; path = "worry-0.png"; sourceTree = "<group>"; };
		E55915111C0ED99B00CE9102 /* setting-0.png */ = {isa = PBXFileReference; lastKnownFileType = image.png; path = "setting-0.png"; sourceTree = "<group>"; };
		E55915141C0EDD5B00CE9102 /* emergencybtn.png */ = {isa = PBXFileReference; lastKnownFileType = image.png; path = emergencybtn.png; sourceTree = "<group>"; };
		E55915161C0EDD5E00CE9102 /* worrybtn.png */ = {isa = PBXFileReference; lastKnownFileType = image.png; path = worrybtn.png; sourceTree = "<group>"; };
		E55915191C0EE45800CE9102 /* ContactCollectionViewCell.h */ = {isa = PBXFileReference; fileEncoding = 4; lastKnownFileType = sourcecode.c.h; path = ContactCollectionViewCell.h; sourceTree = "<group>"; };
		E559151A1C0EE45800CE9102 /* ContactCollectionViewCell.m */ = {isa = PBXFileReference; fileEncoding = 4; lastKnownFileType = sourcecode.c.objc; path = ContactCollectionViewCell.m; sourceTree = "<group>"; };
		E559151C1C0EE47900CE9102 /* SettingCollectionViewCell.h */ = {isa = PBXFileReference; fileEncoding = 4; lastKnownFileType = sourcecode.c.h; path = SettingCollectionViewCell.h; sourceTree = "<group>"; };
		E559151D1C0EE47900CE9102 /* SettingCollectionViewCell.m */ = {isa = PBXFileReference; fileEncoding = 4; lastKnownFileType = sourcecode.c.objc; path = SettingCollectionViewCell.m; sourceTree = "<group>"; };
		E559151F1C0EE65000CE9102 /* settingimage.png */ = {isa = PBXFileReference; lastKnownFileType = image.png; path = settingimage.png; sourceTree = "<group>"; };
		E55915211C0EE6CA00CE9102 /* lightimage.png */ = {isa = PBXFileReference; lastKnownFileType = image.png; path = lightimage.png; sourceTree = "<group>"; };
		E55915231C0EE6CE00CE9102 /* homeimage.png */ = {isa = PBXFileReference; lastKnownFileType = image.png; path = homeimage.png; sourceTree = "<group>"; };
		E55915251C0EEB9200CE9102 /* plusimage.png */ = {isa = PBXFileReference; lastKnownFileType = image.png; path = plusimage.png; sourceTree = "<group>"; };
		E559152B1C0EECF700CE9102 /* userprofile.png */ = {isa = PBXFileReference; lastKnownFileType = image.png; path = userprofile.png; sourceTree = "<group>"; };
		E559152D1C0EED0200CE9102 /* takelist.png */ = {isa = PBXFileReference; lastKnownFileType = image.png; path = takelist.png; sourceTree = "<group>"; };
		E559152F1C0EED3200CE9102 /* personaldata.png */ = {isa = PBXFileReference; lastKnownFileType = image.png; path = personaldata.png; sourceTree = "<group>"; };
		E55915311C0EEE6B00CE9102 /* EditProfileTableViewController.h */ = {isa = PBXFileReference; fileEncoding = 4; lastKnownFileType = sourcecode.c.h; path = EditProfileTableViewController.h; sourceTree = "<group>"; };
		E55915321C0EEE6B00CE9102 /* EditProfileTableViewController.m */ = {isa = PBXFileReference; fileEncoding = 4; lastKnownFileType = sourcecode.c.objc; path = EditProfileTableViewController.m; sourceTree = "<group>"; };
		E55915341C0EEEA000CE9102 /* ProfileTableViewController.h */ = {isa = PBXFileReference; fileEncoding = 4; lastKnownFileType = sourcecode.c.h; path = ProfileTableViewController.h; sourceTree = "<group>"; };
		E55915351C0EEEA000CE9102 /* ProfileTableViewController.m */ = {isa = PBXFileReference; fileEncoding = 4; lastKnownFileType = sourcecode.c.objc; path = ProfileTableViewController.m; sourceTree = "<group>"; };
		E55915371C0EF04900CE9102 /* SettingTableViewController.h */ = {isa = PBXFileReference; fileEncoding = 4; lastKnownFileType = sourcecode.c.h; path = SettingTableViewController.h; sourceTree = "<group>"; };
		E55915381C0EF04900CE9102 /* SettingTableViewController.m */ = {isa = PBXFileReference; fileEncoding = 4; lastKnownFileType = sourcecode.c.objc; path = SettingTableViewController.m; sourceTree = "<group>"; };
		E559153B1C0EF07400CE9102 /* UserProfileModel.h */ = {isa = PBXFileReference; fileEncoding = 4; lastKnownFileType = sourcecode.c.h; path = UserProfileModel.h; sourceTree = "<group>"; };
		E559153C1C0EF07400CE9102 /* UserProfileModel.m */ = {isa = PBXFileReference; fileEncoding = 4; lastKnownFileType = sourcecode.c.objc; path = UserProfileModel.m; sourceTree = "<group>"; };
		E559153E1C0EF20B00CE9102 /* ListTableViewController.h */ = {isa = PBXFileReference; fileEncoding = 4; lastKnownFileType = sourcecode.c.h; path = ListTableViewController.h; sourceTree = "<group>"; };
		E559153F1C0EF20B00CE9102 /* ListTableViewController.m */ = {isa = PBXFileReference; fileEncoding = 4; lastKnownFileType = sourcecode.c.objc; path = ListTableViewController.m; sourceTree = "<group>"; };
		E55915411C0EF21200CE9102 /* PersonalDataTableViewController.h */ = {isa = PBXFileReference; fileEncoding = 4; lastKnownFileType = sourcecode.c.h; path = PersonalDataTableViewController.h; sourceTree = "<group>"; };
		E55915421C0EF21200CE9102 /* PersonalDataTableViewController.m */ = {isa = PBXFileReference; fileEncoding = 4; lastKnownFileType = sourcecode.c.objc; path = PersonalDataTableViewController.m; sourceTree = "<group>"; };
		E55915441C0EF22400CE9102 /* EditListViewController.h */ = {isa = PBXFileReference; fileEncoding = 4; lastKnownFileType = sourcecode.c.h; path = EditListViewController.h; sourceTree = "<group>"; };
		E55915451C0EF22400CE9102 /* EditListViewController.m */ = {isa = PBXFileReference; fileEncoding = 4; lastKnownFileType = sourcecode.c.objc; path = EditListViewController.m; sourceTree = "<group>"; };
		E55915471C0EF23700CE9102 /* EditKennkoTableViewController.h */ = {isa = PBXFileReference; fileEncoding = 4; lastKnownFileType = sourcecode.c.h; path = EditKennkoTableViewController.h; sourceTree = "<group>"; };
		E55915481C0EF23700CE9102 /* EditKennkoTableViewController.m */ = {isa = PBXFileReference; fileEncoding = 4; lastKnownFileType = sourcecode.c.objc; path = EditKennkoTableViewController.m; sourceTree = "<group>"; };
		E55915491C0EF23700CE9102 /* EditKusiriTableViewController.h */ = {isa = PBXFileReference; fileEncoding = 4; lastKnownFileType = sourcecode.c.h; path = EditKusiriTableViewController.h; sourceTree = "<group>"; };
		E559154A1C0EF23700CE9102 /* EditKusiriTableViewController.m */ = {isa = PBXFileReference; fileEncoding = 4; lastKnownFileType = sourcecode.c.objc; path = EditKusiriTableViewController.m; sourceTree = "<group>"; };
		E559154D1C0EF4AE00CE9102 /* KennkoModel.h */ = {isa = PBXFileReference; fileEncoding = 4; lastKnownFileType = sourcecode.c.h; path = KennkoModel.h; sourceTree = "<group>"; };
		E559154E1C0EF4AE00CE9102 /* KennkoModel.m */ = {isa = PBXFileReference; fileEncoding = 4; lastKnownFileType = sourcecode.c.objc; path = KennkoModel.m; sourceTree = "<group>"; };
		E559154F1C0EF4AE00CE9102 /* KusuriModel.h */ = {isa = PBXFileReference; fileEncoding = 4; lastKnownFileType = sourcecode.c.h; path = KusuriModel.h; sourceTree = "<group>"; };
		E55915501C0EF4AE00CE9102 /* KusuriModel.m */ = {isa = PBXFileReference; fileEncoding = 4; lastKnownFileType = sourcecode.c.objc; path = KusuriModel.m; sourceTree = "<group>"; };
		E55915531C0EF4B600CE9102 /* ListModel.h */ = {isa = PBXFileReference; fileEncoding = 4; lastKnownFileType = sourcecode.c.h; path = ListModel.h; sourceTree = "<group>"; };
		E55915541C0EF4B600CE9102 /* ListModel.m */ = {isa = PBXFileReference; fileEncoding = 4; lastKnownFileType = sourcecode.c.objc; path = ListModel.m; sourceTree = "<group>"; };
/* End PBXFileReference section */

/* Begin PBXFrameworksBuildPhase section */
		E55914B01C0EC92E00CE9102 /* Frameworks */ = {
			isa = PBXFrameworksBuildPhase;
			buildActionMask = 2147483647;
			files = (
				1863C43B1C180DC100E28A7B /* Security.framework in Frameworks */,
				1863C4391C180DA100E28A7B /* CFNetwork.framework in Frameworks */,
				1863C4371C180D8700E28A7B /* libMailCore-ios.a in Frameworks */,
				1839A5D91C0FE4DA008B4ADA /* CoreGraphics.framework in Frameworks */,
				1839A5D71C0FE4BE008B4ADA /* UIKit.framework in Frameworks */,
				1839A5D21C0FDEB2008B4ADA /* Contacts.framework in Frameworks */,
				1839A5D01C0FDEA6008B4ADA /* ContactsUI.framework in Frameworks */,
			);
			runOnlyForDeploymentPostprocessing = 0;
		};
		E55914C91C0EC92E00CE9102 /* Frameworks */ = {
			isa = PBXFrameworksBuildPhase;
			buildActionMask = 2147483647;
			files = (
			);
			runOnlyForDeploymentPostprocessing = 0;
		};
		E55914D41C0EC92E00CE9102 /* Frameworks */ = {
			isa = PBXFrameworksBuildPhase;
			buildActionMask = 2147483647;
			files = (
			);
			runOnlyForDeploymentPostprocessing = 0;
		};
/* End PBXFrameworksBuildPhase section */

/* Begin PBXGroup section */
		1863C41D1C180D5200E28A7B /* Products */ = {
			isa = PBXGroup;
			children = (
				1863C4281C180D5200E28A7B /* libMailCore.a */,
				1863C42A1C180D5200E28A7B /* libMailCore-ios.a */,
				1863C42C1C180D5200E28A7B /* tests */,
				1863C42E1C180D5200E28A7B /* test-ios.app */,
				1863C4301C180D5200E28A7B /* MailCore.framework */,
				1863C4321C180D5200E28A7B /* MailCore.framework */,
				1863C4341C180D5200E28A7B /* unittest.xctest */,
				1863C4361C180D5200E28A7B /* unittestcpp */,
			);
			name = Products;
			sourceTree = "<group>";
		};
		E55914AA1C0EC92E00CE9102 = {
			isa = PBXGroup;
			children = (
				1863C41C1C180D5200E28A7B /* mailcore2.xcodeproj */,
				1863C43A1C180DC100E28A7B /* Security.framework */,
				1863C4381C180DA100E28A7B /* CFNetwork.framework */,
				1839A5D81C0FE4DA008B4ADA /* CoreGraphics.framework */,
				1839A5D61C0FE4BE008B4ADA /* UIKit.framework */,
				1839A5D11C0FDEB2008B4ADA /* Contacts.framework */,
				1839A5CF1C0FDEA6008B4ADA /* ContactsUI.framework */,
				E55914B51C0EC92E00CE9102 /* Mimamoro */,
				E55914CF1C0EC92E00CE9102 /* MimamoroTests */,
				E55914DA1C0EC92E00CE9102 /* MimamoroUITests */,
				E55914B41C0EC92E00CE9102 /* Products */,
			);
			sourceTree = "<group>";
		};
		E55914B41C0EC92E00CE9102 /* Products */ = {
			isa = PBXGroup;
			children = (
				E55914B31C0EC92E00CE9102 /* Mimamori.app */,
				E55914CC1C0EC92E00CE9102 /* MimamoroTests.xctest */,
				E55914D71C0EC92E00CE9102 /* MimamoroUITests.xctest */,
			);
			name = Products;
			sourceTree = "<group>";
		};
		E55914B51C0EC92E00CE9102 /* Mimamoro */ = {
			isa = PBXGroup;
			children = (
				E559153A1C0EF06900CE9102 /* Models */,
				E55915271C0EEC2800CE9102 /* SubViewControllers */,
				E55915181C0EE43400CE9102 /* Classes */,
				E55914B91C0EC92E00CE9102 /* AppDelegate.h */,
				E55914BA1C0EC92E00CE9102 /* AppDelegate.m */,
				E55915001C0ED54C00CE9102 /* TabBarController.h */,
				E55915011C0ED54C00CE9102 /* TabBarController.m */,
				E55914FA1C0ED0BD00CE9102 /* OtherCollectionViewController.h */,
				E55914FB1C0ED0BD00CE9102 /* OtherCollectionViewController.m */,
				187AED911C1E708400ABB30F /* ciruViewController.h */,
				187AED921C1E708400ABB30F /* ciruViewController.m */,
				1863C40E1C17D19900E28A7B /* softDetailsViewController.h */,
				1863C40F1C17D19900E28A7B /* softDetailsViewController.m */,
				E55914FD1C0ED0DA00CE9102 /* ContactCollectionViewController.h */,
				E55914FE1C0ED0DA00CE9102 /* ContactCollectionViewController.m */,
				185E98111C1817DE008732C2 /* EmergencyViewController.h */,
				185E980F1C1817DE008732C2 /* EmergencyViewController.m */,
				185E98121C1817DE008732C2 /* WorryViewController.h */,
				185E98101C1817DE008732C2 /* WorryViewController.m */,
				1892089A1C10379300A4A0E6 /* LeafNotification.h */,
				1892089B1C10379300A4A0E6 /* LeafNotification.m */,
				1839A5C21C0FDD38008B4ADA /* ContactTableViewController.h */,
				1839A5C31C0FDD38008B4ADA /* ContactTableViewController.m */,
				E55914C21C0EC92E00CE9102 /* Assets.xcassets */,
				187980911C16B70400241111 /* Main.storyboard */,
				E55914C41C0EC92E00CE9102 /* LaunchScreen.storyboard */,
				E55914C71C0EC92E00CE9102 /* Info.plist */,
				E55914B61C0EC92E00CE9102 /* Supporting Files */,
			);
			path = Mimamoro;
			sourceTree = "<group>";
		};
		E55914B61C0EC92E00CE9102 /* Supporting Files */ = {
			isa = PBXGroup;
			children = (
				1818AAC01C182BC4000D0A6A /* ABFillButtonExample-Prefix.pch */,
				E55914B71C0EC92E00CE9102 /* main.m */,
				187AED9F1C1E83A400ABB30F /* contacts.png */,
				1863C4141C17ED7000E28A7B /* emerWorr.png */,
				1863C4151C17ED7000E28A7B /* worr.png */,
				1863C4161C17ED7000E28A7B /* emer.png */,
				187980B61C16D0E900241111 /* edit.png */,
				187980A71C16C73100241111 /* other9.png */,
				1863C40C1C17CBD200E28A7B /* other111.png */,
				1863C3F61C17CB6700E28A7B /* other444.png */,
				1863C3F71C17CB6700E28A7B /* other555.png */,
				1863C3F81C17CB6700E28A7B /* other1200.png */,
				1863C3F91C17CB6700E28A7B /* other333.png */,
				1863C3FA1C17CB6700E28A7B /* other999.png */,
				1863C3FB1C17CB6700E28A7B /* other777.png */,
				1863C3FC1C17CB6700E28A7B /* other222.png */,
				1863C3FD1C17CB6700E28A7B /* other1100.png */,
				1863C3FE1C17CB6700E28A7B /* other1000.png */,
				1863C3FF1C17CB6700E28A7B /* other1300.png */,
				1863C4001C17CB6700E28A7B /* other888.png */,
				E559150B1C0ED99000CE9102 /* contactlist-0.png */,
				E559150D1C0ED99400CE9102 /* emergency-0.png */,
				187A8B9E1C15923F00BB1A58 /* yao.png */,
				E559150F1C0ED99700CE9102 /* worry-0.png */,
				E55915111C0ED99B00CE9102 /* setting-0.png */,
				E55915031C0ED73A00CE9102 /* contactlist.png */,
				E55915051C0ED87F00CE9102 /* emergency.png */,
				E55915071C0ED88300CE9102 /* worry.png */,
				E55915091C0ED88600CE9102 /* setting.png */,
				E55915141C0EDD5B00CE9102 /* emergencybtn.png */,
				E55915161C0EDD5E00CE9102 /* worrybtn.png */,
				E559151F1C0EE65000CE9102 /* settingimage.png */,
				E55915211C0EE6CA00CE9102 /* lightimage.png */,
				E55915231C0EE6CE00CE9102 /* homeimage.png */,
				E55915251C0EEB9200CE9102 /* plusimage.png */,
				E559152B1C0EECF700CE9102 /* userprofile.png */,
				E559152D1C0EED0200CE9102 /* takelist.png */,
				E559152F1C0EED3200CE9102 /* personaldata.png */,
				1839A5DD1C0FFD5A008B4ADA /* 医者.png */,
				1839A5DE1C0FFD5A008B4ADA /* 孫娘.png */,
				1839A5DF1C0FFD5A008B4ADA /* 妻.png */,
				1839A5E01C0FFD5A008B4ADA /* 夫.png */,
				1839A5E11C0FFD5A008B4ADA /* 看護婦.png */,
				1839A5E21C0FFD5A008B4ADA /* 親友.png */,
				1839A5E31C0FFD5A008B4ADA /* 孫.png */,
				1839A5E41C0FFD5A008B4ADA /* 息子.png */,
				1839A5E51C0FFD5A008B4ADA /* 嫁.png */,
				1839A5E61C0FFD5A008B4ADA /* 娘.png */,
				1839A5E71C0FFD5A008B4ADA /* 婿.png */,
			);
			name = "Supporting Files";
			sourceTree = "<group>";
		};
		E55914CF1C0EC92E00CE9102 /* MimamoroTests */ = {
			isa = PBXGroup;
			children = (
				E55914D01C0EC92E00CE9102 /* MimamoroTests.m */,
				E55914D21C0EC92E00CE9102 /* Info.plist */,
			);
			path = MimamoroTests;
			sourceTree = "<group>";
		};
		E55914DA1C0EC92E00CE9102 /* MimamoroUITests */ = {
			isa = PBXGroup;
			children = (
				E55914DB1C0EC92E00CE9102 /* MimamoroUITests.m */,
				E55914DD1C0EC92E00CE9102 /* Info.plist */,
			);
			path = MimamoroUITests;
			sourceTree = "<group>";
		};
		E55915181C0EE43400CE9102 /* Classes */ = {
			isa = PBXGroup;
			children = (
				1818AAB51C182A6B000D0A6A /* ABFillButton.h */,
				1818AAB61C182A6B000D0A6A /* ABFillButton.m */,
				187980971C16C0C600241111 /* editOtherCollectionViewCell.h */,
				187980981C16C0C600241111 /* editOtherCollectionViewCell.m */,
				E55915191C0EE45800CE9102 /* ContactCollectionViewCell.h */,
				E559151A1C0EE45800CE9102 /* ContactCollectionViewCell.m */,
				E559151C1C0EE47900CE9102 /* SettingCollectionViewCell.h */,
				E559151D1C0EE47900CE9102 /* SettingCollectionViewCell.m */,
				18F437EC1C112E5C005EFBB3 /* FamilyCollectionViewCell.h */,
				18F437ED1C112E5C005EFBB3 /* FamilyCollectionViewCell.m */,
				18F437F01C116BD5005EFBB3 /* FamilyTableViewCell.h */,
				18F437F11C116BD5005EFBB3 /* FamilyTableViewCell.m */,
				1863C4111C17E75F00E28A7B /* ContactTableViewCell.h */,
				1863C4121C17E75F00E28A7B /* ContactTableViewCell.m */,
				1818AACA1C1843F8000D0A6A /* EmergencyCollectionViewCell.h */,
				1818AACB1C1843F8000D0A6A /* EmergencyCollectionViewCell.m */,
				1818AACD1C184A83000D0A6A /* worryCollectionViewCell.h */,
				1818AACE1C184A83000D0A6A /* worryCollectionViewCell.m */,
				187AED9C1C1E7A9600ABB30F /* ciruCollectionViewCell.h */,
				187AED9D1C1E7A9600ABB30F /* ciruCollectionViewCell.m */,
			);
			name = Classes;
			sourceTree = "<group>";
		};
		E55915271C0EEC2800CE9102 /* SubViewControllers */ = {
			isa = PBXGroup;
			children = (
				E55915371C0EF04900CE9102 /* SettingTableViewController.h */,
				E55915381C0EF04900CE9102 /* SettingTableViewController.m */,
				E55915341C0EEEA000CE9102 /* ProfileTableViewController.h */,
				E55915351C0EEEA000CE9102 /* ProfileTableViewController.m */,
				E55915311C0EEE6B00CE9102 /* EditProfileTableViewController.h */,
				E55915321C0EEE6B00CE9102 /* EditProfileTableViewController.m */,
				E559153E1C0EF20B00CE9102 /* ListTableViewController.h */,
				E559153F1C0EF20B00CE9102 /* ListTableViewController.m */,
				E55915441C0EF22400CE9102 /* EditListViewController.h */,
				E55915451C0EF22400CE9102 /* EditListViewController.m */,
				E55915411C0EF21200CE9102 /* PersonalDataTableViewController.h */,
				E55915421C0EF21200CE9102 /* PersonalDataTableViewController.m */,
				E55915471C0EF23700CE9102 /* EditKennkoTableViewController.h */,
				E55915481C0EF23700CE9102 /* EditKennkoTableViewController.m */,
				E55915491C0EF23700CE9102 /* EditKusiriTableViewController.h */,
				E559154A1C0EF23700CE9102 /* EditKusiriTableViewController.m */,
				1839A5C51C0FDD93008B4ADA /* EditContactViewController.h */,
				187A8B911C154AB800BB1A58 /* EditContactViewController.m */,
				1879809D1C16C68500241111 /* editOtherCollectionViewController.h */,
				1879809E1C16C68500241111 /* editOtherCollectionViewController.m */,
				188CC3A81C1123EF00950365 /* FamilyTableViewController.h */,
				188CC3A91C1123EF00950365 /* FamilyTableViewController.m */,
				188CC3AB1C11279200950365 /* FamilyViewController.h */,
				188CC3AC1C11279200950365 /* FamilyViewController.m */,
			);
			name = SubViewControllers;
			sourceTree = "<group>";
		};
		E559153A1C0EF06900CE9102 /* Models */ = {
			isa = PBXGroup;
			children = (
				E559153B1C0EF07400CE9102 /* UserProfileModel.h */,
				E559153C1C0EF07400CE9102 /* UserProfileModel.m */,
				E55915531C0EF4B600CE9102 /* ListModel.h */,
				E55915541C0EF4B600CE9102 /* ListModel.m */,
				E559154D1C0EF4AE00CE9102 /* KennkoModel.h */,
				E559154E1C0EF4AE00CE9102 /* KennkoModel.m */,
				E559154F1C0EF4AE00CE9102 /* KusuriModel.h */,
				E55915501C0EF4AE00CE9102 /* KusuriModel.m */,
				187A8B931C154B5500BB1A58 /* contactAddressModel.h */,
				187A8B941C154B5500BB1A58 /* contactAddressModel.m */,
				187A8BA11C15AEC200BB1A58 /* familyModel.h */,
				187A8BA21C15AEC200BB1A58 /* familyModel.m */,
			);
			name = Models;
			sourceTree = "<group>";
		};
/* End PBXGroup section */

/* Begin PBXNativeTarget section */
		E55914B21C0EC92E00CE9102 /* Mimamori */ = {
			isa = PBXNativeTarget;
			buildConfigurationList = E55914E01C0EC92E00CE9102 /* Build configuration list for PBXNativeTarget "Mimamori" */;
			buildPhases = (
				E55914AF1C0EC92E00CE9102 /* Sources */,
				E55914B01C0EC92E00CE9102 /* Frameworks */,
				E55914B11C0EC92E00CE9102 /* Resources */,
			);
			buildRules = (
			);
			dependencies = (
			);
			name = Mimamori;
			productName = Mimamoro;
			productReference = E55914B31C0EC92E00CE9102 /* Mimamori.app */;
			productType = "com.apple.product-type.application";
		};
		E55914CB1C0EC92E00CE9102 /* MimamoroTests */ = {
			isa = PBXNativeTarget;
			buildConfigurationList = E55914E31C0EC92E00CE9102 /* Build configuration list for PBXNativeTarget "MimamoroTests" */;
			buildPhases = (
				E55914C81C0EC92E00CE9102 /* Sources */,
				E55914C91C0EC92E00CE9102 /* Frameworks */,
				E55914CA1C0EC92E00CE9102 /* Resources */,
			);
			buildRules = (
			);
			dependencies = (
				E55914CE1C0EC92E00CE9102 /* PBXTargetDependency */,
			);
			name = MimamoroTests;
			productName = MimamoroTests;
			productReference = E55914CC1C0EC92E00CE9102 /* MimamoroTests.xctest */;
			productType = "com.apple.product-type.bundle.unit-test";
		};
		E55914D61C0EC92E00CE9102 /* MimamoroUITests */ = {
			isa = PBXNativeTarget;
			buildConfigurationList = E55914E61C0EC92E00CE9102 /* Build configuration list for PBXNativeTarget "MimamoroUITests" */;
			buildPhases = (
				E55914D31C0EC92E00CE9102 /* Sources */,
				E55914D41C0EC92E00CE9102 /* Frameworks */,
				E55914D51C0EC92E00CE9102 /* Resources */,
			);
			buildRules = (
			);
			dependencies = (
				E55914D91C0EC92E00CE9102 /* PBXTargetDependency */,
			);
			name = MimamoroUITests;
			productName = MimamoroUITests;
			productReference = E55914D71C0EC92E00CE9102 /* MimamoroUITests.xctest */;
			productType = "com.apple.product-type.bundle.ui-testing";
		};
/* End PBXNativeTarget section */

/* Begin PBXProject section */
		E55914AB1C0EC92E00CE9102 /* Project object */ = {
			isa = PBXProject;
			attributes = {
				LastUpgradeCheck = 0710;
				ORGANIZATIONNAME = totyu1;
				TargetAttributes = {
					E55914B21C0EC92E00CE9102 = {
						CreatedOnToolsVersion = 7.1;
					};
					E55914CB1C0EC92E00CE9102 = {
						CreatedOnToolsVersion = 7.1;
						TestTargetID = E55914B21C0EC92E00CE9102;
					};
					E55914D61C0EC92E00CE9102 = {
						CreatedOnToolsVersion = 7.1;
						TestTargetID = E55914B21C0EC92E00CE9102;
					};
				};
			};
			buildConfigurationList = E55914AE1C0EC92E00CE9102 /* Build configuration list for PBXProject "Mimamoro" */;
			compatibilityVersion = "Xcode 3.2";
			developmentRegion = English;
			hasScannedForEncodings = 0;
			knownRegions = (
				en,
				Base,
			);
			mainGroup = E55914AA1C0EC92E00CE9102;
			productRefGroup = E55914B41C0EC92E00CE9102 /* Products */;
			projectDirPath = "";
			projectReferences = (
				{
					ProductGroup = 1863C41D1C180D5200E28A7B /* Products */;
					ProjectRef = 1863C41C1C180D5200E28A7B /* mailcore2.xcodeproj */;
				},
			);
			projectRoot = "";
			targets = (
				E55914B21C0EC92E00CE9102 /* Mimamori */,
				E55914CB1C0EC92E00CE9102 /* MimamoroTests */,
				E55914D61C0EC92E00CE9102 /* MimamoroUITests */,
			);
		};
/* End PBXProject section */

/* Begin PBXReferenceProxy section */
		1863C4281C180D5200E28A7B /* libMailCore.a */ = {
			isa = PBXReferenceProxy;
			fileType = archive.ar;
			path = libMailCore.a;
			remoteRef = 1863C4271C180D5200E28A7B /* PBXContainerItemProxy */;
			sourceTree = BUILT_PRODUCTS_DIR;
		};
		1863C42A1C180D5200E28A7B /* libMailCore-ios.a */ = {
			isa = PBXReferenceProxy;
			fileType = archive.ar;
			path = "libMailCore-ios.a";
			remoteRef = 1863C4291C180D5200E28A7B /* PBXContainerItemProxy */;
			sourceTree = BUILT_PRODUCTS_DIR;
		};
		1863C42C1C180D5200E28A7B /* tests */ = {
			isa = PBXReferenceProxy;
			fileType = "compiled.mach-o.executable";
			path = tests;
			remoteRef = 1863C42B1C180D5200E28A7B /* PBXContainerItemProxy */;
			sourceTree = BUILT_PRODUCTS_DIR;
		};
		1863C42E1C180D5200E28A7B /* test-ios.app */ = {
			isa = PBXReferenceProxy;
			fileType = wrapper.application;
			path = "test-ios.app";
			remoteRef = 1863C42D1C180D5200E28A7B /* PBXContainerItemProxy */;
			sourceTree = BUILT_PRODUCTS_DIR;
		};
		1863C4301C180D5200E28A7B /* MailCore.framework */ = {
			isa = PBXReferenceProxy;
			fileType = wrapper.framework;
			path = MailCore.framework;
			remoteRef = 1863C42F1C180D5200E28A7B /* PBXContainerItemProxy */;
			sourceTree = BUILT_PRODUCTS_DIR;
		};
		1863C4321C180D5200E28A7B /* MailCore.framework */ = {
			isa = PBXReferenceProxy;
			fileType = wrapper.framework;
			path = MailCore.framework;
			remoteRef = 1863C4311C180D5200E28A7B /* PBXContainerItemProxy */;
			sourceTree = BUILT_PRODUCTS_DIR;
		};
		1863C4341C180D5200E28A7B /* unittest.xctest */ = {
			isa = PBXReferenceProxy;
			fileType = wrapper.cfbundle;
			path = unittest.xctest;
			remoteRef = 1863C4331C180D5200E28A7B /* PBXContainerItemProxy */;
			sourceTree = BUILT_PRODUCTS_DIR;
		};
		1863C4361C180D5200E28A7B /* unittestcpp */ = {
			isa = PBXReferenceProxy;
			fileType = "compiled.mach-o.executable";
			path = unittestcpp;
			remoteRef = 1863C4351C180D5200E28A7B /* PBXContainerItemProxy */;
			sourceTree = BUILT_PRODUCTS_DIR;
		};
/* End PBXReferenceProxy section */

/* Begin PBXResourcesBuildPhase section */
		E55914B11C0EC92E00CE9102 /* Resources */ = {
			isa = PBXResourcesBuildPhase;
			buildActionMask = 2147483647;
			files = (
				187980B21C16C73100241111 /* other9.png in Resources */,
				1839A5ED1C0FFD5A008B4ADA /* 親友.png in Resources */,
				E559152C1C0EECF700CE9102 /* userprofile.png in Resources */,
				E55915241C0EE6CE00CE9102 /* homeimage.png in Resources */,
				187A8B9F1C15923F00BB1A58 /* yao.png in Resources */,
				1863C4181C17ED7000E28A7B /* worr.png in Resources */,
				1839A5F01C0FFD5A008B4ADA /* 嫁.png in Resources */,
				E55914C61C0EC92E00CE9102 /* LaunchScreen.storyboard in Resources */,
				1863C4061C17CB6700E28A7B /* other777.png in Resources */,
				1839A5EB1C0FFD5A008B4ADA /* 夫.png in Resources */,
				E55915081C0ED88300CE9102 /* worry.png in Resources */,
				1839A5E91C0FFD5A008B4ADA /* 孫娘.png in Resources */,
				1863C40A1C17CB6700E28A7B /* other1300.png in Resources */,
				1863C4021C17CB6700E28A7B /* other555.png in Resources */,
				187AEDA01C1E83A400ABB30F /* contacts.png in Resources */,
				E559150A1C0ED88600CE9102 /* setting.png in Resources */,
				1839A5F21C0FFD5A008B4ADA /* 婿.png in Resources */,
				1863C4171C17ED7000E28A7B /* emerWorr.png in Resources */,
				187980931C16B70400241111 /* Main.storyboard in Resources */,
				1863C4091C17CB6700E28A7B /* other1000.png in Resources */,
				E55915171C0EDD5E00CE9102 /* worrybtn.png in Resources */,
				E55915151C0EDD5B00CE9102 /* emergencybtn.png in Resources */,
				1863C4041C17CB6700E28A7B /* other333.png in Resources */,
				E55914C31C0EC92E00CE9102 /* Assets.xcassets in Resources */,
				E55915041C0ED73A00CE9102 /* contactlist.png in Resources */,
				E55915301C0EED3200CE9102 /* personaldata.png in Resources */,
				1863C40B1C17CB6700E28A7B /* other888.png in Resources */,
				E55915261C0EEB9200CE9102 /* plusimage.png in Resources */,
				1839A5EC1C0FFD5A008B4ADA /* 看護婦.png in Resources */,
				1863C4081C17CB6700E28A7B /* other1100.png in Resources */,
				E55915101C0ED99700CE9102 /* worry-0.png in Resources */,
				1839A5EF1C0FFD5A008B4ADA /* 息子.png in Resources */,
				1863C4031C17CB6700E28A7B /* other1200.png in Resources */,
				1839A5F11C0FFD5A008B4ADA /* 娘.png in Resources */,
				E55915221C0EE6CA00CE9102 /* lightimage.png in Resources */,
				E55915201C0EE65000CE9102 /* settingimage.png in Resources */,
				1863C4191C17ED7000E28A7B /* emer.png in Resources */,
				1863C4011C17CB6700E28A7B /* other444.png in Resources */,
				E559152E1C0EED0200CE9102 /* takelist.png in Resources */,
				1863C4071C17CB6700E28A7B /* other222.png in Resources */,
				1863C40D1C17CBD200E28A7B /* other111.png in Resources */,
				E55915061C0ED87F00CE9102 /* emergency.png in Resources */,
				1839A5E81C0FFD5A008B4ADA /* 医者.png in Resources */,
				E559150C1C0ED99000CE9102 /* contactlist-0.png in Resources */,
				187980B71C16D0E900241111 /* edit.png in Resources */,
				E55915121C0ED99B00CE9102 /* setting-0.png in Resources */,
				1863C4051C17CB6700E28A7B /* other999.png in Resources */,
				1839A5EA1C0FFD5A008B4ADA /* 妻.png in Resources */,
				1839A5EE1C0FFD5A008B4ADA /* 孫.png in Resources */,
				E559150E1C0ED99400CE9102 /* emergency-0.png in Resources */,
			);
			runOnlyForDeploymentPostprocessing = 0;
		};
		E55914CA1C0EC92E00CE9102 /* Resources */ = {
			isa = PBXResourcesBuildPhase;
			buildActionMask = 2147483647;
			files = (
			);
			runOnlyForDeploymentPostprocessing = 0;
		};
		E55914D51C0EC92E00CE9102 /* Resources */ = {
			isa = PBXResourcesBuildPhase;
			buildActionMask = 2147483647;
			files = (
			);
			runOnlyForDeploymentPostprocessing = 0;
		};
/* End PBXResourcesBuildPhase section */

/* Begin PBXSourcesBuildPhase section */
		E55914AF1C0EC92E00CE9102 /* Sources */ = {
			isa = PBXSourcesBuildPhase;
			buildActionMask = 2147483647;
			files = (
				E55915331C0EEE6B00CE9102 /* EditProfileTableViewController.m in Sources */,
				188CC3AA1C1123EF00950365 /* FamilyTableViewController.m in Sources */,
				E559151E1C0EE47900CE9102 /* SettingCollectionViewCell.m in Sources */,
				E55915431C0EF21200CE9102 /* PersonalDataTableViewController.m in Sources */,
				185E98131C1817DE008732C2 /* EmergencyViewController.m in Sources */,
				E55915021C0ED54C00CE9102 /* TabBarController.m in Sources */,
				1839A5C41C0FDD38008B4ADA /* ContactTableViewController.m in Sources */,
				E55915461C0EF22400CE9102 /* EditListViewController.m in Sources */,
				187A8B921C154AB800BB1A58 /* EditContactViewController.m in Sources */,
				1863C4131C17E75F00E28A7B /* ContactTableViewCell.m in Sources */,
				E55915401C0EF20B00CE9102 /* ListTableViewController.m in Sources */,
				1879809F1C16C68500241111 /* editOtherCollectionViewController.m in Sources */,
				187980991C16C0C600241111 /* editOtherCollectionViewCell.m in Sources */,
				187AED931C1E708400ABB30F /* ciruViewController.m in Sources */,
				187AED9E1C1E7A9600ABB30F /* ciruCollectionViewCell.m in Sources */,
				185E98141C1817DE008732C2 /* WorryViewController.m in Sources */,
				18F437EE1C112E5C005EFBB3 /* FamilyCollectionViewCell.m in Sources */,
				1818AACF1C184A83000D0A6A /* worryCollectionViewCell.m in Sources */,
				1863C4101C17D19900E28A7B /* softDetailsViewController.m in Sources */,
				188CC3AD1C11279200950365 /* FamilyViewController.m in Sources */,
				E55915361C0EEEA000CE9102 /* ProfileTableViewController.m in Sources */,
				E55915511C0EF4AE00CE9102 /* KennkoModel.m in Sources */,
				1818AACC1C1843F8000D0A6A /* EmergencyCollectionViewCell.m in Sources */,
				E559154B1C0EF23700CE9102 /* EditKennkoTableViewController.m in Sources */,
				E559153D1C0EF07400CE9102 /* UserProfileModel.m in Sources */,
				E55915391C0EF04900CE9102 /* SettingTableViewController.m in Sources */,
				E559154C1C0EF23700CE9102 /* EditKusiriTableViewController.m in Sources */,
				E55915551C0EF4B600CE9102 /* ListModel.m in Sources */,
				E559151B1C0EE45800CE9102 /* ContactCollectionViewCell.m in Sources */,
				E55914BB1C0EC92E00CE9102 /* AppDelegate.m in Sources */,
				E55914FC1C0ED0BD00CE9102 /* OtherCollectionViewController.m in Sources */,
				E55915521C0EF4AE00CE9102 /* KusuriModel.m in Sources */,
				18F437F21C116BD5005EFBB3 /* FamilyTableViewCell.m in Sources */,
				E55914FF1C0ED0DA00CE9102 /* ContactCollectionViewController.m in Sources */,
				187A8BA31C15AEC200BB1A58 /* familyModel.m in Sources */,
				1892089C1C10379300A4A0E6 /* LeafNotification.m in Sources */,
				1818AAB71C182A6B000D0A6A /* ABFillButton.m in Sources */,
				187A8B951C154B5500BB1A58 /* contactAddressModel.m in Sources */,
				E55914B81C0EC92E00CE9102 /* main.m in Sources */,
			);
			runOnlyForDeploymentPostprocessing = 0;
		};
		E55914C81C0EC92E00CE9102 /* Sources */ = {
			isa = PBXSourcesBuildPhase;
			buildActionMask = 2147483647;
			files = (
				E55914D11C0EC92E00CE9102 /* MimamoroTests.m in Sources */,
			);
			runOnlyForDeploymentPostprocessing = 0;
		};
		E55914D31C0EC92E00CE9102 /* Sources */ = {
			isa = PBXSourcesBuildPhase;
			buildActionMask = 2147483647;
			files = (
				E55914DC1C0EC92E00CE9102 /* MimamoroUITests.m in Sources */,
			);
			runOnlyForDeploymentPostprocessing = 0;
		};
/* End PBXSourcesBuildPhase section */

/* Begin PBXTargetDependency section */
		E55914CE1C0EC92E00CE9102 /* PBXTargetDependency */ = {
			isa = PBXTargetDependency;
			target = E55914B21C0EC92E00CE9102 /* Mimamori */;
			targetProxy = E55914CD1C0EC92E00CE9102 /* PBXContainerItemProxy */;
		};
		E55914D91C0EC92E00CE9102 /* PBXTargetDependency */ = {
			isa = PBXTargetDependency;
			target = E55914B21C0EC92E00CE9102 /* Mimamori */;
			targetProxy = E55914D81C0EC92E00CE9102 /* PBXContainerItemProxy */;
		};
/* End PBXTargetDependency section */

/* Begin PBXVariantGroup section */
		187980911C16B70400241111 /* Main.storyboard */ = {
			isa = PBXVariantGroup;
			children = (
				187980921C16B70400241111 /* Base */,
			);
			name = Main.storyboard;
			sourceTree = "<group>";
		};
		E55914C41C0EC92E00CE9102 /* LaunchScreen.storyboard */ = {
			isa = PBXVariantGroup;
			children = (
				E55914C51C0EC92E00CE9102 /* Base */,
			);
			name = LaunchScreen.storyboard;
			sourceTree = "<group>";
		};
/* End PBXVariantGroup section */

/* Begin XCBuildConfiguration section */
		E55914DE1C0EC92E00CE9102 /* Debug */ = {
			isa = XCBuildConfiguration;
			buildSettings = {
				ALWAYS_SEARCH_USER_PATHS = NO;
				CLANG_CXX_LANGUAGE_STANDARD = "gnu++0x";
				CLANG_CXX_LIBRARY = "libc++";
				CLANG_ENABLE_MODULES = YES;
				CLANG_ENABLE_OBJC_ARC = YES;
				CLANG_WARN_BOOL_CONVERSION = YES;
				CLANG_WARN_CONSTANT_CONVERSION = YES;
				CLANG_WARN_DIRECT_OBJC_ISA_USAGE = YES_ERROR;
				CLANG_WARN_EMPTY_BODY = YES;
				CLANG_WARN_ENUM_CONVERSION = YES;
				CLANG_WARN_INT_CONVERSION = YES;
				CLANG_WARN_OBJC_ROOT_CLASS = YES_ERROR;
				CLANG_WARN_UNREACHABLE_CODE = YES;
				CLANG_WARN__DUPLICATE_METHOD_MATCH = YES;
				"CODE_SIGN_IDENTITY[sdk=iphoneos*]" = "iPhone Developer";
				COPY_PHASE_STRIP = NO;
				DEBUG_INFORMATION_FORMAT = dwarf;
				ENABLE_STRICT_OBJC_MSGSEND = YES;
				ENABLE_TESTABILITY = YES;
				GCC_C_LANGUAGE_STANDARD = gnu99;
				GCC_DYNAMIC_NO_PIC = NO;
				GCC_NO_COMMON_BLOCKS = YES;
				GCC_OPTIMIZATION_LEVEL = 0;
				GCC_PREPROCESSOR_DEFINITIONS = (
					"DEBUG=1",
					"$(inherited)",
				);
				GCC_WARN_64_TO_32_BIT_CONVERSION = YES;
				GCC_WARN_ABOUT_RETURN_TYPE = YES_ERROR;
				GCC_WARN_UNDECLARED_SELECTOR = YES;
				GCC_WARN_UNINITIALIZED_AUTOS = YES_AGGRESSIVE;
				GCC_WARN_UNUSED_FUNCTION = YES;
				GCC_WARN_UNUSED_VARIABLE = YES;
				IPHONEOS_DEPLOYMENT_TARGET = 9.1;
				MTL_ENABLE_DEBUG_INFO = YES;
				ONLY_ACTIVE_ARCH = YES;
				SDKROOT = iphoneos;
			};
			name = Debug;
		};
		E55914DF1C0EC92E00CE9102 /* Release */ = {
			isa = XCBuildConfiguration;
			buildSettings = {
				ALWAYS_SEARCH_USER_PATHS = NO;
				CLANG_CXX_LANGUAGE_STANDARD = "gnu++0x";
				CLANG_CXX_LIBRARY = "libc++";
				CLANG_ENABLE_MODULES = YES;
				CLANG_ENABLE_OBJC_ARC = YES;
				CLANG_WARN_BOOL_CONVERSION = YES;
				CLANG_WARN_CONSTANT_CONVERSION = YES;
				CLANG_WARN_DIRECT_OBJC_ISA_USAGE = YES_ERROR;
				CLANG_WARN_EMPTY_BODY = YES;
				CLANG_WARN_ENUM_CONVERSION = YES;
				CLANG_WARN_INT_CONVERSION = YES;
				CLANG_WARN_OBJC_ROOT_CLASS = YES_ERROR;
				CLANG_WARN_UNREACHABLE_CODE = YES;
				CLANG_WARN__DUPLICATE_METHOD_MATCH = YES;
				"CODE_SIGN_IDENTITY[sdk=iphoneos*]" = "iPhone Developer";
				COPY_PHASE_STRIP = NO;
				DEBUG_INFORMATION_FORMAT = "dwarf-with-dsym";
				ENABLE_NS_ASSERTIONS = NO;
				ENABLE_STRICT_OBJC_MSGSEND = YES;
				GCC_C_LANGUAGE_STANDARD = gnu99;
				GCC_NO_COMMON_BLOCKS = YES;
				GCC_WARN_64_TO_32_BIT_CONVERSION = YES;
				GCC_WARN_ABOUT_RETURN_TYPE = YES_ERROR;
				GCC_WARN_UNDECLARED_SELECTOR = YES;
				GCC_WARN_UNINITIALIZED_AUTOS = YES_AGGRESSIVE;
				GCC_WARN_UNUSED_FUNCTION = YES;
				GCC_WARN_UNUSED_VARIABLE = YES;
				IPHONEOS_DEPLOYMENT_TARGET = 9.1;
				MTL_ENABLE_DEBUG_INFO = NO;
				SDKROOT = iphoneos;
				VALIDATE_PRODUCT = YES;
			};
			name = Release;
		};
		E55914E11C0EC92E00CE9102 /* Debug */ = {
			isa = XCBuildConfiguration;
			buildSettings = {
				ASSETCATALOG_COMPILER_APPICON_NAME = AppIcon;
				FRAMEWORK_SEARCH_PATHS = (
					"$(inherited)",
					"$(PROJECT_DIR)",
				);
				GCC_PRECOMPILE_PREFIX_HEADER = YES;
				GCC_PREFIX_HEADER = "Mimamoro/ABFillButtonExample-Prefix.pch";
				INFOPLIST_FILE = Mimamoro/Info.plist;
				IPHONEOS_DEPLOYMENT_TARGET = 9.2;
				LD_RUNPATH_SEARCH_PATHS = "$(inherited) @executable_path/Frameworks";
				OTHER_LDFLAGS = (
					"-lctemplate-ios",
					"-letpan-ios",
					"-lxml2",
					"-lsasl2",
					"-liconv",
					"-ltidy",
					"-lz",
					"-lc++",
					"-lresolv",
					"-stdlib=libc++",
					"-ObjC",
				);
				PRODUCT_BUNDLE_IDENTIFIER = com.totyu.Mimamori;
				PRODUCT_NAME = "$(TARGET_NAME)";
			};
			name = Debug;
		};
		E55914E21C0EC92E00CE9102 /* Release */ = {
			isa = XCBuildConfiguration;
			buildSettings = {
				ASSETCATALOG_COMPILER_APPICON_NAME = AppIcon;
				FRAMEWORK_SEARCH_PATHS = (
					"$(inherited)",
					"$(PROJECT_DIR)",
				);
				GCC_PRECOMPILE_PREFIX_HEADER = YES;
				GCC_PREFIX_HEADER = "Mimamoro/ABFillButtonExample-Prefix.pch";
				INFOPLIST_FILE = Mimamoro/Info.plist;
				IPHONEOS_DEPLOYMENT_TARGET = 9.2;
				LD_RUNPATH_SEARCH_PATHS = "$(inherited) @executable_path/Frameworks";
				OTHER_LDFLAGS = (
					"-lctemplate-ios",
					"-letpan-ios",
					"-lxml2",
					"-lsasl2",
					"-liconv",
					"-ltidy",
					"-lz",
					"-lc++",
					"-lresolv",
					"-stdlib=libc++",
					"-ObjC",
				);
				PRODUCT_BUNDLE_IDENTIFIER = com.totyu.Mimamori;
				PRODUCT_NAME = "$(TARGET_NAME)";
			};
			name = Release;
		};
		E55914E41C0EC92E00CE9102 /* Debug */ = {
			isa = XCBuildConfiguration;
			buildSettings = {
				BUNDLE_LOADER = "$(TEST_HOST)";
				INFOPLIST_FILE = MimamoroTests/Info.plist;
				LD_RUNPATH_SEARCH_PATHS = "$(inherited) @executable_path/Frameworks @loader_path/Frameworks";
				PRODUCT_BUNDLE_IDENTIFIER = com.totyu.MimamoroTests;
				PRODUCT_NAME = "$(TARGET_NAME)";
				TEST_HOST = "$(BUILT_PRODUCTS_DIR)/Mimamoro.app/Mimamoro";
			};
			name = Debug;
		};
		E55914E51C0EC92E00CE9102 /* Release */ = {
			isa = XCBuildConfiguration;
			buildSettings = {
				BUNDLE_LOADER = "$(TEST_HOST)";
				INFOPLIST_FILE = MimamoroTests/Info.plist;
				LD_RUNPATH_SEARCH_PATHS = "$(inherited) @executable_path/Frameworks @loader_path/Frameworks";
				PRODUCT_BUNDLE_IDENTIFIER = com.totyu.MimamoroTests;
				PRODUCT_NAME = "$(TARGET_NAME)";
				TEST_HOST = "$(BUILT_PRODUCTS_DIR)/Mimamoro.app/Mimamoro";
			};
			name = Release;
		};
		E55914E71C0EC92E00CE9102 /* Debug */ = {
			isa = XCBuildConfiguration;
			buildSettings = {
				INFOPLIST_FILE = MimamoroUITests/Info.plist;
				LD_RUNPATH_SEARCH_PATHS = "$(inherited) @executable_path/Frameworks @loader_path/Frameworks";
				PRODUCT_BUNDLE_IDENTIFIER = com.totyu.MimamoroUITests;
				PRODUCT_NAME = "$(TARGET_NAME)";
				TEST_TARGET_NAME = Mimamoro;
				USES_XCTRUNNER = YES;
			};
			name = Debug;
		};
		E55914E81C0EC92E00CE9102 /* Release */ = {
			isa = XCBuildConfiguration;
			buildSettings = {
				INFOPLIST_FILE = MimamoroUITests/Info.plist;
				LD_RUNPATH_SEARCH_PATHS = "$(inherited) @executable_path/Frameworks @loader_path/Frameworks";
				PRODUCT_BUNDLE_IDENTIFIER = com.totyu.MimamoroUITests;
				PRODUCT_NAME = "$(TARGET_NAME)";
				TEST_TARGET_NAME = Mimamoro;
				USES_XCTRUNNER = YES;
			};
			name = Release;
		};
/* End XCBuildConfiguration section */

/* Begin XCConfigurationList section */
		E55914AE1C0EC92E00CE9102 /* Build configuration list for PBXProject "Mimamoro" */ = {
			isa = XCConfigurationList;
			buildConfigurations = (
				E55914DE1C0EC92E00CE9102 /* Debug */,
				E55914DF1C0EC92E00CE9102 /* Release */,
			);
			defaultConfigurationIsVisible = 0;
			defaultConfigurationName = Release;
		};
		E55914E01C0EC92E00CE9102 /* Build configuration list for PBXNativeTarget "Mimamori" */ = {
			isa = XCConfigurationList;
			buildConfigurations = (
				E55914E11C0EC92E00CE9102 /* Debug */,
				E55914E21C0EC92E00CE9102 /* Release */,
			);
			defaultConfigurationIsVisible = 0;
			defaultConfigurationName = Release;
		};
		E55914E31C0EC92E00CE9102 /* Build configuration list for PBXNativeTarget "MimamoroTests" */ = {
			isa = XCConfigurationList;
			buildConfigurations = (
				E55914E41C0EC92E00CE9102 /* Debug */,
				E55914E51C0EC92E00CE9102 /* Release */,
			);
			defaultConfigurationIsVisible = 0;
			defaultConfigurationName = Release;
		};
		E55914E61C0EC92E00CE9102 /* Build configuration list for PBXNativeTarget "MimamoroUITests" */ = {
			isa = XCConfigurationList;
			buildConfigurations = (
				E55914E71C0EC92E00CE9102 /* Debug */,
				E55914E81C0EC92E00CE9102 /* Release */,
			);
			defaultConfigurationIsVisible = 0;
			defaultConfigurationName = Release;
		};
/* End XCConfigurationList section */
	};
	rootObject = E55914AB1C0EC92E00CE9102 /* Project object */;
}
